// !$*UTF8*$!
{
	archiveVersion = 1;
	classes = {
	};
	objectVersion = 46;
	objects = {

/* Begin PBXBuildFile section */
		3F33734D1931833E0003790B /* ECPercentDrivenInteractiveTransition.m in Sources */ = {isa = PBXBuildFile; fileRef = 3F3373411931833E0003790B /* ECPercentDrivenInteractiveTransition.m */; };
		3F33734E1931833E0003790B /* ECSlidingAnimationController.m in Sources */ = {isa = PBXBuildFile; fileRef = 3F3373431931833E0003790B /* ECSlidingAnimationController.m */; };
		3F33734F1931833E0003790B /* ECSlidingInteractiveTransition.m in Sources */ = {isa = PBXBuildFile; fileRef = 3F3373461931833E0003790B /* ECSlidingInteractiveTransition.m */; };
		3F3373501931833E0003790B /* ECSlidingSegue.m in Sources */ = {isa = PBXBuildFile; fileRef = 3F3373481931833E0003790B /* ECSlidingSegue.m */; };
		3F3373511931833E0003790B /* ECSlidingViewController.m in Sources */ = {isa = PBXBuildFile; fileRef = 3F33734A1931833E0003790B /* ECSlidingViewController.m */; };
		3F3373521931833E0003790B /* UIViewController+ECSlidingViewController.m in Sources */ = {isa = PBXBuildFile; fileRef = 3F33734C1931833E0003790B /* UIViewController+ECSlidingViewController.m */; };
		3F33735619318E390003790B /* ScanVC.m in Sources */ = {isa = PBXBuildFile; fileRef = 3F33735519318E390003790B /* ScanVC.m */; };
		3F33735A19318ED40003790B /* Main_iPad.storyboard in Resources */ = {isa = PBXBuildFile; fileRef = 3F33735819318ED40003790B /* Main_iPad.storyboard */; };
		3F33735B19318ED40003790B /* Main_iPhone.storyboard in Resources */ = {isa = PBXBuildFile; fileRef = 3F33735919318ED40003790B /* Main_iPhone.storyboard */; };
		3F33735E19318F280003790B /* MenuVC.m in Sources */ = {isa = PBXBuildFile; fileRef = 3F33735D19318F280003790B /* MenuVC.m */; };
		3F3527771933F9E800FF1A6F /* libzbar.a in Frameworks */ = {isa = PBXBuildFile; fileRef = 3F3527761933F9E800FF1A6F /* libzbar.a */; };
		3F3527791933FA1A00FF1A6F /* QuartzCore.framework in Frameworks */ = {isa = PBXBuildFile; fileRef = 3F3527781933FA1A00FF1A6F /* QuartzCore.framework */; };
		3F35277C1933FA2400FF1A6F /* CoreMedia.framework in Frameworks */ = {isa = PBXBuildFile; fileRef = 3F35277A1933FA2400FF1A6F /* CoreMedia.framework */; };
		3F35277D1933FA2400FF1A6F /* CoreVideo.framework in Frameworks */ = {isa = PBXBuildFile; fileRef = 3F35277B1933FA2400FF1A6F /* CoreVideo.framework */; };
		3F35277F1933FA3000FF1A6F /* AVFoundation.framework in Frameworks */ = {isa = PBXBuildFile; fileRef = 3F35277E1933FA3000FF1A6F /* AVFoundation.framework */; };
		3F3527831933FA4E00FF1A6F /* libiconv.dylib in Frameworks */ = {isa = PBXBuildFile; fileRef = 3F3527821933FA4E00FF1A6F /* libiconv.dylib */; };
		3F8E798A1936A3D7004993E8 /* Security.framework in Frameworks */ = {isa = PBXBuildFile; fileRef = 3F3527801933FA4300FF1A6F /* Security.framework */; };
		3F8E79961936A418004993E8 /* SSKeychain.strings in Resources */ = {isa = PBXBuildFile; fileRef = 3F8E79901936A418004993E8 /* SSKeychain.strings */; };
		3F8E79971936A418004993E8 /* SSKeychain.m in Sources */ = {isa = PBXBuildFile; fileRef = 3F8E79931936A418004993E8 /* SSKeychain.m */; };
		3F8E79981936A418004993E8 /* SSKeychainQuery.m in Sources */ = {isa = PBXBuildFile; fileRef = 3F8E79951936A418004993E8 /* SSKeychainQuery.m */; };
		3F8E799C1936A485004993E8 /* WalletManager.m in Sources */ = {isa = PBXBuildFile; fileRef = 3F8E799B1936A485004993E8 /* WalletManager.m */; };
		3F8E79A01936C7C1004993E8 /* NSDictionary+MasterNode.m in Sources */ = {isa = PBXBuildFile; fileRef = 3F8E799F1936C7C0004993E8 /* NSDictionary+MasterNode.m */; };
		3F8E79A8193D6831004993E8 /* CocoaSecurity.m in Sources */ = {isa = PBXBuildFile; fileRef = 3F8E79A7193D6831004993E8 /* CocoaSecurity.m */; };
		3F8E79AC193D6843004993E8 /* Base64.m in Sources */ = {isa = PBXBuildFile; fileRef = 3F8E79AB193D6843004993E8 /* Base64.m */; };
		3F8E79B0194551F5004993E8 /* ScanModel.m in Sources */ = {isa = PBXBuildFile; fileRef = 3F8E79AF194551F5004993E8 /* ScanModel.m */; };
		3FB8E42D19317A7200B713CA /* Foundation.framework in Frameworks */ = {isa = PBXBuildFile; fileRef = 3FB8E42C19317A7200B713CA /* Foundation.framework */; };
		3FB8E42F19317A7200B713CA /* CoreGraphics.framework in Frameworks */ = {isa = PBXBuildFile; fileRef = 3FB8E42E19317A7200B713CA /* CoreGraphics.framework */; };
		3FB8E43119317A7200B713CA /* UIKit.framework in Frameworks */ = {isa = PBXBuildFile; fileRef = 3FB8E43019317A7200B713CA /* UIKit.framework */; };
		3FB8E43719317A7200B713CA /* InfoPlist.strings in Resources */ = {isa = PBXBuildFile; fileRef = 3FB8E43519317A7200B713CA /* InfoPlist.strings */; };
		3FB8E43919317A7200B713CA /* main.m in Sources */ = {isa = PBXBuildFile; fileRef = 3FB8E43819317A7200B713CA /* main.m */; };
		3FB8E43D19317A7200B713CA /* AppDelegate.m in Sources */ = {isa = PBXBuildFile; fileRef = 3FB8E43C19317A7200B713CA /* AppDelegate.m */; };
		3FB8E44819317A7200B713CA /* Images.xcassets in Resources */ = {isa = PBXBuildFile; fileRef = 3FB8E44719317A7200B713CA /* Images.xcassets */; };
		3FB8E44F19317A7200B713CA /* XCTest.framework in Frameworks */ = {isa = PBXBuildFile; fileRef = 3FB8E44E19317A7200B713CA /* XCTest.framework */; };
		3FB8E45019317A7200B713CA /* Foundation.framework in Frameworks */ = {isa = PBXBuildFile; fileRef = 3FB8E42C19317A7200B713CA /* Foundation.framework */; };
		3FB8E45119317A7200B713CA /* UIKit.framework in Frameworks */ = {isa = PBXBuildFile; fileRef = 3FB8E43019317A7200B713CA /* UIKit.framework */; };
		3FB8E45919317A7200B713CA /* InfoPlist.strings in Resources */ = {isa = PBXBuildFile; fileRef = 3FB8E45719317A7200B713CA /* InfoPlist.strings */; };
		3FB8E45B19317A7200B713CA /* BitBadgeTests.m in Sources */ = {isa = PBXBuildFile; fileRef = 3FB8E45A19317A7200B713CA /* BitBadgeTests.m */; };
		3FDE0F291934485F00883C84 /* CoreBitcoin.framework in Frameworks */ = {isa = PBXBuildFile; fileRef = 3FDE0F281934485F00883C84 /* CoreBitcoin.framework */; };
/* End PBXBuildFile section */

/* Begin PBXContainerItemProxy section */
		3FB8E45219317A7200B713CA /* PBXContainerItemProxy */ = {
			isa = PBXContainerItemProxy;
			containerPortal = 3FB8E42119317A7200B713CA /* Project object */;
			proxyType = 1;
			remoteGlobalIDString = 3FB8E42819317A7200B713CA;
			remoteInfo = BitBadge;
		};
/* End PBXContainerItemProxy section */

/* Begin PBXFileReference section */
		3F3373401931833E0003790B /* ECPercentDrivenInteractiveTransition.h */ = {isa = PBXFileReference; fileEncoding = 4; lastKnownFileType = sourcecode.c.h; path = ECPercentDrivenInteractiveTransition.h; sourceTree = "<group>"; };
		3F3373411931833E0003790B /* ECPercentDrivenInteractiveTransition.m */ = {isa = PBXFileReference; fileEncoding = 4; lastKnownFileType = sourcecode.c.objc; path = ECPercentDrivenInteractiveTransition.m; sourceTree = "<group>"; };
		3F3373421931833E0003790B /* ECSlidingAnimationController.h */ = {isa = PBXFileReference; fileEncoding = 4; lastKnownFileType = sourcecode.c.h; path = ECSlidingAnimationController.h; sourceTree = "<group>"; };
		3F3373431931833E0003790B /* ECSlidingAnimationController.m */ = {isa = PBXFileReference; fileEncoding = 4; lastKnownFileType = sourcecode.c.objc; path = ECSlidingAnimationController.m; sourceTree = "<group>"; };
		3F3373441931833E0003790B /* ECSlidingConstants.h */ = {isa = PBXFileReference; fileEncoding = 4; lastKnownFileType = sourcecode.c.h; path = ECSlidingConstants.h; sourceTree = "<group>"; };
		3F3373451931833E0003790B /* ECSlidingInteractiveTransition.h */ = {isa = PBXFileReference; fileEncoding = 4; lastKnownFileType = sourcecode.c.h; path = ECSlidingInteractiveTransition.h; sourceTree = "<group>"; };
		3F3373461931833E0003790B /* ECSlidingInteractiveTransition.m */ = {isa = PBXFileReference; fileEncoding = 4; lastKnownFileType = sourcecode.c.objc; path = ECSlidingInteractiveTransition.m; sourceTree = "<group>"; };
		3F3373471931833E0003790B /* ECSlidingSegue.h */ = {isa = PBXFileReference; fileEncoding = 4; lastKnownFileType = sourcecode.c.h; path = ECSlidingSegue.h; sourceTree = "<group>"; };
		3F3373481931833E0003790B /* ECSlidingSegue.m */ = {isa = PBXFileReference; fileEncoding = 4; lastKnownFileType = sourcecode.c.objc; path = ECSlidingSegue.m; sourceTree = "<group>"; };
		3F3373491931833E0003790B /* ECSlidingViewController.h */ = {isa = PBXFileReference; fileEncoding = 4; lastKnownFileType = sourcecode.c.h; path = ECSlidingViewController.h; sourceTree = "<group>"; };
		3F33734A1931833E0003790B /* ECSlidingViewController.m */ = {isa = PBXFileReference; fileEncoding = 4; lastKnownFileType = sourcecode.c.objc; path = ECSlidingViewController.m; sourceTree = "<group>"; };
		3F33734B1931833E0003790B /* UIViewController+ECSlidingViewController.h */ = {isa = PBXFileReference; fileEncoding = 4; lastKnownFileType = sourcecode.c.h; path = "UIViewController+ECSlidingViewController.h"; sourceTree = "<group>"; };
		3F33734C1931833E0003790B /* UIViewController+ECSlidingViewController.m */ = {isa = PBXFileReference; fileEncoding = 4; lastKnownFileType = sourcecode.c.objc; path = "UIViewController+ECSlidingViewController.m"; sourceTree = "<group>"; };
		3F33735419318E390003790B /* ScanVC.h */ = {isa = PBXFileReference; fileEncoding = 4; lastKnownFileType = sourcecode.c.h; name = ScanVC.h; path = Controllers/ScanVC.h; sourceTree = "<group>"; };
		3F33735519318E390003790B /* ScanVC.m */ = {isa = PBXFileReference; fileEncoding = 4; lastKnownFileType = sourcecode.c.objc; name = ScanVC.m; path = Controllers/ScanVC.m; sourceTree = "<group>"; };
		3F33735819318ED40003790B /* Main_iPad.storyboard */ = {isa = PBXFileReference; fileEncoding = 4; lastKnownFileType = file.storyboard; name = Main_iPad.storyboard; path = Storyboards/Main_iPad.storyboard; sourceTree = "<group>"; };
		3F33735919318ED40003790B /* Main_iPhone.storyboard */ = {isa = PBXFileReference; fileEncoding = 4; lastKnownFileType = file.storyboard; name = Main_iPhone.storyboard; path = Storyboards/Main_iPhone.storyboard; sourceTree = "<group>"; };
		3F33735C19318F280003790B /* MenuVC.h */ = {isa = PBXFileReference; fileEncoding = 4; lastKnownFileType = sourcecode.c.h; name = MenuVC.h; path = Controllers/MenuVC.h; sourceTree = "<group>"; };
		3F33735D19318F280003790B /* MenuVC.m */ = {isa = PBXFileReference; fileEncoding = 4; lastKnownFileType = sourcecode.c.objc; name = MenuVC.m; path = Controllers/MenuVC.m; sourceTree = "<group>"; };
		3F3527761933F9E800FF1A6F /* libzbar.a */ = {isa = PBXFileReference; lastKnownFileType = archive.ar; name = libzbar.a; path = "../_vendors/ZBar/iphone/build/Debug-iphoneos/libzbar.a"; sourceTree = "<group>"; };
		3F3527781933FA1A00FF1A6F /* QuartzCore.framework */ = {isa = PBXFileReference; lastKnownFileType = wrapper.framework; name = QuartzCore.framework; path = System/Library/Frameworks/QuartzCore.framework; sourceTree = SDKROOT; };
		3F35277A1933FA2400FF1A6F /* CoreMedia.framework */ = {isa = PBXFileReference; lastKnownFileType = wrapper.framework; name = CoreMedia.framework; path = System/Library/Frameworks/CoreMedia.framework; sourceTree = SDKROOT; };
		3F35277B1933FA2400FF1A6F /* CoreVideo.framework */ = {isa = PBXFileReference; lastKnownFileType = wrapper.framework; name = CoreVideo.framework; path = System/Library/Frameworks/CoreVideo.framework; sourceTree = SDKROOT; };
		3F35277E1933FA3000FF1A6F /* AVFoundation.framework */ = {isa = PBXFileReference; lastKnownFileType = wrapper.framework; name = AVFoundation.framework; path = System/Library/Frameworks/AVFoundation.framework; sourceTree = SDKROOT; };
		3F3527801933FA4300FF1A6F /* Security.framework */ = {isa = PBXFileReference; lastKnownFileType = wrapper.framework; name = Security.framework; path = System/Library/Frameworks/Security.framework; sourceTree = SDKROOT; };
		3F3527821933FA4E00FF1A6F /* libiconv.dylib */ = {isa = PBXFileReference; lastKnownFileType = "compiled.mach-o.dylib"; name = libiconv.dylib; path = usr/lib/libiconv.dylib; sourceTree = SDKROOT; };
		3F35278519341F4A00FF1A6F /* Decoder.h */ = {isa = PBXFileReference; fileEncoding = 4; lastKnownFileType = sourcecode.c.h; path = Decoder.h; sourceTree = "<group>"; };
		3F35278619341F4A00FF1A6F /* Exception.h */ = {isa = PBXFileReference; fileEncoding = 4; lastKnownFileType = sourcecode.c.h; path = Exception.h; sourceTree = "<group>"; };
		3F35278719341F4A00FF1A6F /* Image.h */ = {isa = PBXFileReference; fileEncoding = 4; lastKnownFileType = sourcecode.c.h; path = Image.h; sourceTree = "<group>"; };
		3F35278819341F4A00FF1A6F /* ImageScanner.h */ = {isa = PBXFileReference; fileEncoding = 4; lastKnownFileType = sourcecode.c.h; path = ImageScanner.h; sourceTree = "<group>"; };
		3F35278919341F4A00FF1A6F /* Processor.h */ = {isa = PBXFileReference; fileEncoding = 4; lastKnownFileType = sourcecode.c.h; path = Processor.h; sourceTree = "<group>"; };
		3F35278A19341F4A00FF1A6F /* QZBar.h */ = {isa = PBXFileReference; fileEncoding = 4; lastKnownFileType = sourcecode.c.h; path = QZBar.h; sourceTree = "<group>"; };
		3F35278B19341F4A00FF1A6F /* QZBarImage.h */ = {isa = PBXFileReference; fileEncoding = 4; lastKnownFileType = sourcecode.c.h; path = QZBarImage.h; sourceTree = "<group>"; };
		3F35278C19341F4A00FF1A6F /* Scanner.h */ = {isa = PBXFileReference; fileEncoding = 4; lastKnownFileType = sourcecode.c.h; path = Scanner.h; sourceTree = "<group>"; };
		3F35278D19341F4A00FF1A6F /* Symbol.h */ = {isa = PBXFileReference; fileEncoding = 4; lastKnownFileType = sourcecode.c.h; path = Symbol.h; sourceTree = "<group>"; };
		3F35278E19341F4A00FF1A6F /* Video.h */ = {isa = PBXFileReference; fileEncoding = 4; lastKnownFileType = sourcecode.c.h; path = Video.h; sourceTree = "<group>"; };
		3F35278F19341F4A00FF1A6F /* Window.h */ = {isa = PBXFileReference; fileEncoding = 4; lastKnownFileType = sourcecode.c.h; path = Window.h; sourceTree = "<group>"; };
		3F35279019341F4A00FF1A6F /* zbargtk.h */ = {isa = PBXFileReference; fileEncoding = 4; lastKnownFileType = sourcecode.c.h; path = zbargtk.h; sourceTree = "<group>"; };
		3F35279219341F9300FF1A6F /* zbar.h */ = {isa = PBXFileReference; fileEncoding = 4; lastKnownFileType = sourcecode.c.h; name = zbar.h; path = ../zbar.h; sourceTree = "<group>"; };
		3F35279319341FB000FF1A6F /* ZBarCameraSimulator.h */ = {isa = PBXFileReference; fileEncoding = 4; lastKnownFileType = sourcecode.c.h; name = ZBarCameraSimulator.h; path = ../../iphone/include/ZBarSDK/ZBarCameraSimulator.h; sourceTree = "<group>"; };
		3F35279419341FB000FF1A6F /* ZBarCaptureReader.h */ = {isa = PBXFileReference; fileEncoding = 4; lastKnownFileType = sourcecode.c.h; name = ZBarCaptureReader.h; path = ../../iphone/include/ZBarSDK/ZBarCaptureReader.h; sourceTree = "<group>"; };
		3F35279519341FB000FF1A6F /* ZBarHelpController.h */ = {isa = PBXFileReference; fileEncoding = 4; lastKnownFileType = sourcecode.c.h; name = ZBarHelpController.h; path = ../../iphone/include/ZBarSDK/ZBarHelpController.h; sourceTree = "<group>"; };
		3F35279619341FB000FF1A6F /* ZBarImage.h */ = {isa = PBXFileReference; fileEncoding = 4; lastKnownFileType = sourcecode.c.h; name = ZBarImage.h; path = ../../iphone/include/ZBarSDK/ZBarImage.h; sourceTree = "<group>"; };
		3F35279719341FB000FF1A6F /* ZBarImageScanner.h */ = {isa = PBXFileReference; fileEncoding = 4; lastKnownFileType = sourcecode.c.h; name = ZBarImageScanner.h; path = ../../iphone/include/ZBarSDK/ZBarImageScanner.h; sourceTree = "<group>"; };
		3F35279819341FB000FF1A6F /* ZBarReaderController.h */ = {isa = PBXFileReference; fileEncoding = 4; lastKnownFileType = sourcecode.c.h; name = ZBarReaderController.h; path = ../../iphone/include/ZBarSDK/ZBarReaderController.h; sourceTree = "<group>"; };
		3F35279919341FB000FF1A6F /* ZBarReaderView.h */ = {isa = PBXFileReference; fileEncoding = 4; lastKnownFileType = sourcecode.c.h; name = ZBarReaderView.h; path = ../../iphone/include/ZBarSDK/ZBarReaderView.h; sourceTree = "<group>"; };
		3F35279A19341FB000FF1A6F /* ZBarReaderViewController.h */ = {isa = PBXFileReference; fileEncoding = 4; lastKnownFileType = sourcecode.c.h; name = ZBarReaderViewController.h; path = ../../iphone/include/ZBarSDK/ZBarReaderViewController.h; sourceTree = "<group>"; };
		3F35279B19341FB000FF1A6F /* ZBarSDK.h */ = {isa = PBXFileReference; fileEncoding = 4; lastKnownFileType = sourcecode.c.h; name = ZBarSDK.h; path = ../../iphone/include/ZBarSDK/ZBarSDK.h; sourceTree = "<group>"; };
		3F35279C19341FB000FF1A6F /* ZBarSymbol.h */ = {isa = PBXFileReference; fileEncoding = 4; lastKnownFileType = sourcecode.c.h; name = ZBarSymbol.h; path = ../../iphone/include/ZBarSDK/ZBarSymbol.h; sourceTree = "<group>"; };
		3F8E79911936A418004993E8 /* en */ = {isa = PBXFileReference; lastKnownFileType = text.plist.strings; name = en; path = en.lproj/SSKeychain.strings; sourceTree = "<group>"; };
		3F8E79921936A418004993E8 /* SSKeychain.h */ = {isa = PBXFileReference; fileEncoding = 4; lastKnownFileType = sourcecode.c.h; path = SSKeychain.h; sourceTree = "<group>"; };
		3F8E79931936A418004993E8 /* SSKeychain.m */ = {isa = PBXFileReference; fileEncoding = 4; lastKnownFileType = sourcecode.c.objc; path = SSKeychain.m; sourceTree = "<group>"; };
		3F8E79941936A418004993E8 /* SSKeychainQuery.h */ = {isa = PBXFileReference; fileEncoding = 4; lastKnownFileType = sourcecode.c.h; path = SSKeychainQuery.h; sourceTree = "<group>"; };
		3F8E79951936A418004993E8 /* SSKeychainQuery.m */ = {isa = PBXFileReference; fileEncoding = 4; lastKnownFileType = sourcecode.c.objc; path = SSKeychainQuery.m; sourceTree = "<group>"; };
		3F8E799A1936A485004993E8 /* WalletManager.h */ = {isa = PBXFileReference; fileEncoding = 4; lastKnownFileType = sourcecode.c.h; name = WalletManager.h; path = Managers/WalletManager.h; sourceTree = "<group>"; };
		3F8E799B1936A485004993E8 /* WalletManager.m */ = {isa = PBXFileReference; fileEncoding = 4; lastKnownFileType = sourcecode.c.objc; name = WalletManager.m; path = Managers/WalletManager.m; sourceTree = "<group>"; };
		3F8E799E1936C7C0004993E8 /* NSDictionary+MasterNode.h */ = {isa = PBXFileReference; fileEncoding = 4; lastKnownFileType = sourcecode.c.h; name = "NSDictionary+MasterNode.h"; path = "Categories/NSDictionary+MasterNode.h"; sourceTree = "<group>"; };
		3F8E799F1936C7C0004993E8 /* NSDictionary+MasterNode.m */ = {isa = PBXFileReference; fileEncoding = 4; lastKnownFileType = sourcecode.c.objc; name = "NSDictionary+MasterNode.m"; path = "Categories/NSDictionary+MasterNode.m"; sourceTree = "<group>"; };
		3F8E79A6193D6831004993E8 /* CocoaSecurity.h */ = {isa = PBXFileReference; fileEncoding = 4; lastKnownFileType = sourcecode.c.h; path = CocoaSecurity.h; sourceTree = "<group>"; };
		3F8E79A7193D6831004993E8 /* CocoaSecurity.m */ = {isa = PBXFileReference; fileEncoding = 4; lastKnownFileType = sourcecode.c.objc; path = CocoaSecurity.m; sourceTree = "<group>"; };
		3F8E79AA193D6843004993E8 /* Base64.h */ = {isa = PBXFileReference; fileEncoding = 4; lastKnownFileType = sourcecode.c.h; path = Base64.h; sourceTree = "<group>"; };
		3F8E79AB193D6843004993E8 /* Base64.m */ = {isa = PBXFileReference; fileEncoding = 4; lastKnownFileType = sourcecode.c.objc; path = Base64.m; sourceTree = "<group>"; };
		3F8E79AE194551F5004993E8 /* ScanModel.h */ = {isa = PBXFileReference; fileEncoding = 4; lastKnownFileType = sourcecode.c.h; name = ScanModel.h; path = Models/ScanModel.h; sourceTree = "<group>"; };
		3F8E79AF194551F5004993E8 /* ScanModel.m */ = {isa = PBXFileReference; fileEncoding = 4; lastKnownFileType = sourcecode.c.objc; name = ScanModel.m; path = Models/ScanModel.m; sourceTree = "<group>"; };
		3FB8E42919317A7200B713CA /* BitBadge.app */ = {isa = PBXFileReference; explicitFileType = wrapper.application; includeInIndex = 0; path = BitBadge.app; sourceTree = BUILT_PRODUCTS_DIR; };
		3FB8E42C19317A7200B713CA /* Foundation.framework */ = {isa = PBXFileReference; lastKnownFileType = wrapper.framework; name = Foundation.framework; path = System/Library/Frameworks/Foundation.framework; sourceTree = SDKROOT; };
		3FB8E42E19317A7200B713CA /* CoreGraphics.framework */ = {isa = PBXFileReference; lastKnownFileType = wrapper.framework; name = CoreGraphics.framework; path = System/Library/Frameworks/CoreGraphics.framework; sourceTree = SDKROOT; };
		3FB8E43019317A7200B713CA /* UIKit.framework */ = {isa = PBXFileReference; lastKnownFileType = wrapper.framework; name = UIKit.framework; path = System/Library/Frameworks/UIKit.framework; sourceTree = SDKROOT; };
		3FB8E43419317A7200B713CA /* BitBadge-Info.plist */ = {isa = PBXFileReference; lastKnownFileType = text.plist.xml; path = "BitBadge-Info.plist"; sourceTree = "<group>"; };
		3FB8E43619317A7200B713CA /* en */ = {isa = PBXFileReference; lastKnownFileType = text.plist.strings; name = en; path = en.lproj/InfoPlist.strings; sourceTree = "<group>"; };
		3FB8E43819317A7200B713CA /* main.m */ = {isa = PBXFileReference; lastKnownFileType = sourcecode.c.objc; path = main.m; sourceTree = "<group>"; };
		3FB8E43A19317A7200B713CA /* BitBadge-Prefix.pch */ = {isa = PBXFileReference; lastKnownFileType = sourcecode.c.h; path = "BitBadge-Prefix.pch"; sourceTree = "<group>"; };
		3FB8E43B19317A7200B713CA /* AppDelegate.h */ = {isa = PBXFileReference; lastKnownFileType = sourcecode.c.h; path = AppDelegate.h; sourceTree = "<group>"; };
		3FB8E43C19317A7200B713CA /* AppDelegate.m */ = {isa = PBXFileReference; lastKnownFileType = sourcecode.c.objc; path = AppDelegate.m; sourceTree = "<group>"; };
		3FB8E44719317A7200B713CA /* Images.xcassets */ = {isa = PBXFileReference; lastKnownFileType = folder.assetcatalog; path = Images.xcassets; sourceTree = "<group>"; };
		3FB8E44D19317A7200B713CA /* BitBadgeTests.xctest */ = {isa = PBXFileReference; explicitFileType = wrapper.cfbundle; includeInIndex = 0; path = BitBadgeTests.xctest; sourceTree = BUILT_PRODUCTS_DIR; };
		3FB8E44E19317A7200B713CA /* XCTest.framework */ = {isa = PBXFileReference; lastKnownFileType = wrapper.framework; name = XCTest.framework; path = Library/Frameworks/XCTest.framework; sourceTree = DEVELOPER_DIR; };
		3FB8E45619317A7200B713CA /* BitBadgeTests-Info.plist */ = {isa = PBXFileReference; lastKnownFileType = text.plist.xml; path = "BitBadgeTests-Info.plist"; sourceTree = "<group>"; };
		3FB8E45819317A7200B713CA /* en */ = {isa = PBXFileReference; lastKnownFileType = text.plist.strings; name = en; path = en.lproj/InfoPlist.strings; sourceTree = "<group>"; };
		3FB8E45A19317A7200B713CA /* BitBadgeTests.m */ = {isa = PBXFileReference; lastKnownFileType = sourcecode.c.objc; path = BitBadgeTests.m; sourceTree = "<group>"; };
		3FDE0E6D1934435D00883C84 /* libcrypto.a */ = {isa = PBXFileReference; lastKnownFileType = archive.ar; name = libcrypto.a; path = ../_vendors/lib/libcrypto.a; sourceTree = "<group>"; };
		3FDE0E6E1934435D00883C84 /* libssl.a */ = {isa = PBXFileReference; lastKnownFileType = archive.ar; name = libssl.a; path = ../_vendors/lib/libssl.a; sourceTree = "<group>"; };
		3FDE0F281934485F00883C84 /* CoreBitcoin.framework */ = {isa = PBXFileReference; lastKnownFileType = wrapper.framework; name = CoreBitcoin.framework; path = ../_vendors/lib/iOS/CoreBitcoin.framework; sourceTree = "<group>"; };
		3FDE0F2B1934488100883C84 /* BTCAddress.h */ = {isa = PBXFileReference; fileEncoding = 4; lastKnownFileType = sourcecode.c.h; name = BTCAddress.h; path = ../_vendors/lib/include/BTCAddress.h; sourceTree = "<group>"; };
		3FDE0F2C1934488100883C84 /* BTCBase58.h */ = {isa = PBXFileReference; fileEncoding = 4; lastKnownFileType = sourcecode.c.h; name = BTCBase58.h; path = ../_vendors/lib/include/BTCBase58.h; sourceTree = "<group>"; };
		3FDE0F2D1934488100883C84 /* BTCBigNumber.h */ = {isa = PBXFileReference; fileEncoding = 4; lastKnownFileType = sourcecode.c.h; name = BTCBigNumber.h; path = ../_vendors/lib/include/BTCBigNumber.h; sourceTree = "<group>"; };
		3FDE0F2E1934488100883C84 /* BTCBlockchainInfo.h */ = {isa = PBXFileReference; fileEncoding = 4; lastKnownFileType = sourcecode.c.h; name = BTCBlockchainInfo.h; path = ../_vendors/lib/include/BTCBlockchainInfo.h; sourceTree = "<group>"; };
		3FDE0F2F1934488100883C84 /* BTCCurvePoint.h */ = {isa = PBXFileReference; fileEncoding = 4; lastKnownFileType = sourcecode.c.h; name = BTCCurvePoint.h; path = ../_vendors/lib/include/BTCCurvePoint.h; sourceTree = "<group>"; };
		3FDE0F301934488100883C84 /* BTCData.h */ = {isa = PBXFileReference; fileEncoding = 4; lastKnownFileType = sourcecode.c.h; name = BTCData.h; path = ../_vendors/lib/include/BTCData.h; sourceTree = "<group>"; };
		3FDE0F311934488100883C84 /* BTCErrors.h */ = {isa = PBXFileReference; fileEncoding = 4; lastKnownFileType = sourcecode.c.h; name = BTCErrors.h; path = ../_vendors/lib/include/BTCErrors.h; sourceTree = "<group>"; };
		3FDE0F321934488100883C84 /* BTCKey.h */ = {isa = PBXFileReference; fileEncoding = 4; lastKnownFileType = sourcecode.c.h; name = BTCKey.h; path = ../_vendors/lib/include/BTCKey.h; sourceTree = "<group>"; };
		3FDE0F331934488100883C84 /* BTCKeychain.h */ = {isa = PBXFileReference; fileEncoding = 4; lastKnownFileType = sourcecode.c.h; name = BTCKeychain.h; path = ../_vendors/lib/include/BTCKeychain.h; sourceTree = "<group>"; };
		3FDE0F341934488100883C84 /* BTCOpcode.h */ = {isa = PBXFileReference; fileEncoding = 4; lastKnownFileType = sourcecode.c.h; name = BTCOpcode.h; path = ../_vendors/lib/include/BTCOpcode.h; sourceTree = "<group>"; };
		3FDE0F351934488100883C84 /* BTCProtocolSerialization.h */ = {isa = PBXFileReference; fileEncoding = 4; lastKnownFileType = sourcecode.c.h; name = BTCProtocolSerialization.h; path = ../_vendors/lib/include/BTCProtocolSerialization.h; sourceTree = "<group>"; };
		3FDE0F361934488100883C84 /* BTCScript.h */ = {isa = PBXFileReference; fileEncoding = 4; lastKnownFileType = sourcecode.c.h; name = BTCScript.h; path = ../_vendors/lib/include/BTCScript.h; sourceTree = "<group>"; };
		3FDE0F371934488100883C84 /* BTCScriptMachine.h */ = {isa = PBXFileReference; fileEncoding = 4; lastKnownFileType = sourcecode.c.h; name = BTCScriptMachine.h; path = ../_vendors/lib/include/BTCScriptMachine.h; sourceTree = "<group>"; };
		3FDE0F381934488100883C84 /* BTCSignatureHashType.h */ = {isa = PBXFileReference; fileEncoding = 4; lastKnownFileType = sourcecode.c.h; name = BTCSignatureHashType.h; path = ../_vendors/lib/include/BTCSignatureHashType.h; sourceTree = "<group>"; };
		3FDE0F391934488100883C84 /* BTCTransaction.h */ = {isa = PBXFileReference; fileEncoding = 4; lastKnownFileType = sourcecode.c.h; name = BTCTransaction.h; path = ../_vendors/lib/include/BTCTransaction.h; sourceTree = "<group>"; };
		3FDE0F3A1934488100883C84 /* BTCTransactionInput.h */ = {isa = PBXFileReference; fileEncoding = 4; lastKnownFileType = sourcecode.c.h; name = BTCTransactionInput.h; path = ../_vendors/lib/include/BTCTransactionInput.h; sourceTree = "<group>"; };
		3FDE0F3B1934488100883C84 /* BTCTransactionOutput.h */ = {isa = PBXFileReference; fileEncoding = 4; lastKnownFileType = sourcecode.c.h; name = BTCTransactionOutput.h; path = ../_vendors/lib/include/BTCTransactionOutput.h; sourceTree = "<group>"; };
		3FDE0F3C1934488100883C84 /* BTCUnitsAndLimits.h */ = {isa = PBXFileReference; fileEncoding = 4; lastKnownFileType = sourcecode.c.h; name = BTCUnitsAndLimits.h; path = ../_vendors/lib/include/BTCUnitsAndLimits.h; sourceTree = "<group>"; };
		3FDE0F3D1934488100883C84 /* CoreBitcoin.h */ = {isa = PBXFileReference; fileEncoding = 4; lastKnownFileType = sourcecode.c.h; name = CoreBitcoin.h; path = ../_vendors/lib/include/CoreBitcoin.h; sourceTree = "<group>"; };
		3FDE0F3E1934488100883C84 /* CoreBitcoin+Categories.h */ = {isa = PBXFileReference; fileEncoding = 4; lastKnownFileType = sourcecode.c.h; name = "CoreBitcoin+Categories.h"; path = "../_vendors/lib/include/CoreBitcoin+Categories.h"; sourceTree = "<group>"; };
		3FDE0F3F1934488100883C84 /* NS+BTCBase58.h */ = {isa = PBXFileReference; fileEncoding = 4; lastKnownFileType = sourcecode.c.h; name = "NS+BTCBase58.h"; path = "../_vendors/lib/include/NS+BTCBase58.h"; sourceTree = "<group>"; };
		3FDE0F401934488100883C84 /* NSData+BTCData.h */ = {isa = PBXFileReference; fileEncoding = 4; lastKnownFileType = sourcecode.c.h; name = "NSData+BTCData.h"; path = "../_vendors/lib/include/NSData+BTCData.h"; sourceTree = "<group>"; };
		3FDE0F421934488100883C84 /* aes.h */ = {isa = PBXFileReference; fileEncoding = 4; lastKnownFileType = sourcecode.c.h; path = aes.h; sourceTree = "<group>"; };
		3FDE0F431934488100883C84 /* asn1.h */ = {isa = PBXFileReference; fileEncoding = 4; lastKnownFileType = sourcecode.c.h; path = asn1.h; sourceTree = "<group>"; };
		3FDE0F441934488100883C84 /* asn1_mac.h */ = {isa = PBXFileReference; fileEncoding = 4; lastKnownFileType = sourcecode.c.h; path = asn1_mac.h; sourceTree = "<group>"; };
		3FDE0F451934488100883C84 /* asn1t.h */ = {isa = PBXFileReference; fileEncoding = 4; lastKnownFileType = sourcecode.c.h; path = asn1t.h; sourceTree = "<group>"; };
		3FDE0F461934488100883C84 /* bio.h */ = {isa = PBXFileReference; fileEncoding = 4; lastKnownFileType = sourcecode.c.h; path = bio.h; sourceTree = "<group>"; };
		3FDE0F471934488100883C84 /* blowfish.h */ = {isa = PBXFileReference; fileEncoding = 4; lastKnownFileType = sourcecode.c.h; path = blowfish.h; sourceTree = "<group>"; };
		3FDE0F481934488100883C84 /* bn.h */ = {isa = PBXFileReference; fileEncoding = 4; lastKnownFileType = sourcecode.c.h; path = bn.h; sourceTree = "<group>"; };
		3FDE0F491934488100883C84 /* buffer.h */ = {isa = PBXFileReference; fileEncoding = 4; lastKnownFileType = sourcecode.c.h; path = buffer.h; sourceTree = "<group>"; };
		3FDE0F4A1934488100883C84 /* camellia.h */ = {isa = PBXFileReference; fileEncoding = 4; lastKnownFileType = sourcecode.c.h; path = camellia.h; sourceTree = "<group>"; };
		3FDE0F4B1934488100883C84 /* cast.h */ = {isa = PBXFileReference; fileEncoding = 4; lastKnownFileType = sourcecode.c.h; path = cast.h; sourceTree = "<group>"; };
		3FDE0F4C1934488100883C84 /* cmac.h */ = {isa = PBXFileReference; fileEncoding = 4; lastKnownFileType = sourcecode.c.h; path = cmac.h; sourceTree = "<group>"; };
		3FDE0F4D1934488100883C84 /* cms.h */ = {isa = PBXFileReference; fileEncoding = 4; lastKnownFileType = sourcecode.c.h; path = cms.h; sourceTree = "<group>"; };
		3FDE0F4E1934488100883C84 /* comp.h */ = {isa = PBXFileReference; fileEncoding = 4; lastKnownFileType = sourcecode.c.h; path = comp.h; sourceTree = "<group>"; };
		3FDE0F4F1934488100883C84 /* conf.h */ = {isa = PBXFileReference; fileEncoding = 4; lastKnownFileType = sourcecode.c.h; path = conf.h; sourceTree = "<group>"; };
		3FDE0F501934488100883C84 /* conf_api.h */ = {isa = PBXFileReference; fileEncoding = 4; lastKnownFileType = sourcecode.c.h; path = conf_api.h; sourceTree = "<group>"; };
		3FDE0F511934488100883C84 /* crypto.h */ = {isa = PBXFileReference; fileEncoding = 4; lastKnownFileType = sourcecode.c.h; path = crypto.h; sourceTree = "<group>"; };
		3FDE0F521934488100883C84 /* des.h */ = {isa = PBXFileReference; fileEncoding = 4; lastKnownFileType = sourcecode.c.h; path = des.h; sourceTree = "<group>"; };
		3FDE0F531934488100883C84 /* des_old.h */ = {isa = PBXFileReference; fileEncoding = 4; lastKnownFileType = sourcecode.c.h; path = des_old.h; sourceTree = "<group>"; };
		3FDE0F541934488100883C84 /* dh.h */ = {isa = PBXFileReference; fileEncoding = 4; lastKnownFileType = sourcecode.c.h; path = dh.h; sourceTree = "<group>"; };
		3FDE0F551934488100883C84 /* dsa.h */ = {isa = PBXFileReference; fileEncoding = 4; lastKnownFileType = sourcecode.c.h; path = dsa.h; sourceTree = "<group>"; };
		3FDE0F561934488100883C84 /* dso.h */ = {isa = PBXFileReference; fileEncoding = 4; lastKnownFileType = sourcecode.c.h; path = dso.h; sourceTree = "<group>"; };
		3FDE0F571934488100883C84 /* dtls1.h */ = {isa = PBXFileReference; fileEncoding = 4; lastKnownFileType = sourcecode.c.h; path = dtls1.h; sourceTree = "<group>"; };
		3FDE0F581934488100883C84 /* e_os2.h */ = {isa = PBXFileReference; fileEncoding = 4; lastKnownFileType = sourcecode.c.h; path = e_os2.h; sourceTree = "<group>"; };
		3FDE0F591934488100883C84 /* ebcdic.h */ = {isa = PBXFileReference; fileEncoding = 4; lastKnownFileType = sourcecode.c.h; path = ebcdic.h; sourceTree = "<group>"; };
		3FDE0F5A1934488100883C84 /* ec.h */ = {isa = PBXFileReference; fileEncoding = 4; lastKnownFileType = sourcecode.c.h; path = ec.h; sourceTree = "<group>"; };
		3FDE0F5B1934488100883C84 /* ecdh.h */ = {isa = PBXFileReference; fileEncoding = 4; lastKnownFileType = sourcecode.c.h; path = ecdh.h; sourceTree = "<group>"; };
		3FDE0F5C1934488100883C84 /* ecdsa.h */ = {isa = PBXFileReference; fileEncoding = 4; lastKnownFileType = sourcecode.c.h; path = ecdsa.h; sourceTree = "<group>"; };
		3FDE0F5D1934488100883C84 /* engine.h */ = {isa = PBXFileReference; fileEncoding = 4; lastKnownFileType = sourcecode.c.h; path = engine.h; sourceTree = "<group>"; };
		3FDE0F5E1934488100883C84 /* err.h */ = {isa = PBXFileReference; fileEncoding = 4; lastKnownFileType = sourcecode.c.h; path = err.h; sourceTree = "<group>"; };
		3FDE0F5F1934488100883C84 /* evp.h */ = {isa = PBXFileReference; fileEncoding = 4; lastKnownFileType = sourcecode.c.h; path = evp.h; sourceTree = "<group>"; };
		3FDE0F601934488100883C84 /* hmac.h */ = {isa = PBXFileReference; fileEncoding = 4; lastKnownFileType = sourcecode.c.h; path = hmac.h; sourceTree = "<group>"; };
		3FDE0F611934488100883C84 /* idea.h */ = {isa = PBXFileReference; fileEncoding = 4; lastKnownFileType = sourcecode.c.h; path = idea.h; sourceTree = "<group>"; };
		3FDE0F621934488100883C84 /* krb5_asn.h */ = {isa = PBXFileReference; fileEncoding = 4; lastKnownFileType = sourcecode.c.h; path = krb5_asn.h; sourceTree = "<group>"; };
		3FDE0F631934488100883C84 /* kssl.h */ = {isa = PBXFileReference; fileEncoding = 4; lastKnownFileType = sourcecode.c.h; path = kssl.h; sourceTree = "<group>"; };
		3FDE0F641934488100883C84 /* lhash.h */ = {isa = PBXFileReference; fileEncoding = 4; lastKnownFileType = sourcecode.c.h; path = lhash.h; sourceTree = "<group>"; };
		3FDE0F651934488100883C84 /* md4.h */ = {isa = PBXFileReference; fileEncoding = 4; lastKnownFileType = sourcecode.c.h; path = md4.h; sourceTree = "<group>"; };
		3FDE0F661934488100883C84 /* md5.h */ = {isa = PBXFileReference; fileEncoding = 4; lastKnownFileType = sourcecode.c.h; path = md5.h; sourceTree = "<group>"; };
		3FDE0F671934488100883C84 /* mdc2.h */ = {isa = PBXFileReference; fileEncoding = 4; lastKnownFileType = sourcecode.c.h; path = mdc2.h; sourceTree = "<group>"; };
		3FDE0F681934488100883C84 /* modes.h */ = {isa = PBXFileReference; fileEncoding = 4; lastKnownFileType = sourcecode.c.h; path = modes.h; sourceTree = "<group>"; };
		3FDE0F691934488100883C84 /* obj_mac.h */ = {isa = PBXFileReference; fileEncoding = 4; lastKnownFileType = sourcecode.c.h; path = obj_mac.h; sourceTree = "<group>"; };
		3FDE0F6A1934488100883C84 /* objects.h */ = {isa = PBXFileReference; fileEncoding = 4; lastKnownFileType = sourcecode.c.h; path = objects.h; sourceTree = "<group>"; };
		3FDE0F6B1934488100883C84 /* ocsp.h */ = {isa = PBXFileReference; fileEncoding = 4; lastKnownFileType = sourcecode.c.h; path = ocsp.h; sourceTree = "<group>"; };
		3FDE0F6C1934488100883C84 /* opensslconf.h */ = {isa = PBXFileReference; fileEncoding = 4; lastKnownFileType = sourcecode.c.h; path = opensslconf.h; sourceTree = "<group>"; };
		3FDE0F6D1934488100883C84 /* opensslv.h */ = {isa = PBXFileReference; fileEncoding = 4; lastKnownFileType = sourcecode.c.h; path = opensslv.h; sourceTree = "<group>"; };
		3FDE0F6E1934488100883C84 /* ossl_typ.h */ = {isa = PBXFileReference; fileEncoding = 4; lastKnownFileType = sourcecode.c.h; path = ossl_typ.h; sourceTree = "<group>"; };
		3FDE0F6F1934488100883C84 /* pem.h */ = {isa = PBXFileReference; fileEncoding = 4; lastKnownFileType = sourcecode.c.h; path = pem.h; sourceTree = "<group>"; };
		3FDE0F701934488100883C84 /* pem2.h */ = {isa = PBXFileReference; fileEncoding = 4; lastKnownFileType = sourcecode.c.h; path = pem2.h; sourceTree = "<group>"; };
		3FDE0F711934488100883C84 /* pkcs12.h */ = {isa = PBXFileReference; fileEncoding = 4; lastKnownFileType = sourcecode.c.h; path = pkcs12.h; sourceTree = "<group>"; };
		3FDE0F721934488100883C84 /* pkcs7.h */ = {isa = PBXFileReference; fileEncoding = 4; lastKnownFileType = sourcecode.c.h; path = pkcs7.h; sourceTree = "<group>"; };
		3FDE0F731934488100883C84 /* pqueue.h */ = {isa = PBXFileReference; fileEncoding = 4; lastKnownFileType = sourcecode.c.h; path = pqueue.h; sourceTree = "<group>"; };
		3FDE0F741934488100883C84 /* rand.h */ = {isa = PBXFileReference; fileEncoding = 4; lastKnownFileType = sourcecode.c.h; path = rand.h; sourceTree = "<group>"; };
		3FDE0F751934488100883C84 /* rc2.h */ = {isa = PBXFileReference; fileEncoding = 4; lastKnownFileType = sourcecode.c.h; path = rc2.h; sourceTree = "<group>"; };
		3FDE0F761934488100883C84 /* rc4.h */ = {isa = PBXFileReference; fileEncoding = 4; lastKnownFileType = sourcecode.c.h; path = rc4.h; sourceTree = "<group>"; };
		3FDE0F771934488100883C84 /* ripemd.h */ = {isa = PBXFileReference; fileEncoding = 4; lastKnownFileType = sourcecode.c.h; path = ripemd.h; sourceTree = "<group>"; };
		3FDE0F781934488100883C84 /* rsa.h */ = {isa = PBXFileReference; fileEncoding = 4; lastKnownFileType = sourcecode.c.h; path = rsa.h; sourceTree = "<group>"; };
		3FDE0F791934488100883C84 /* safestack.h */ = {isa = PBXFileReference; fileEncoding = 4; lastKnownFileType = sourcecode.c.h; path = safestack.h; sourceTree = "<group>"; };
		3FDE0F7A1934488100883C84 /* seed.h */ = {isa = PBXFileReference; fileEncoding = 4; lastKnownFileType = sourcecode.c.h; path = seed.h; sourceTree = "<group>"; };
		3FDE0F7B1934488100883C84 /* sha.h */ = {isa = PBXFileReference; fileEncoding = 4; lastKnownFileType = sourcecode.c.h; path = sha.h; sourceTree = "<group>"; };
		3FDE0F7C1934488100883C84 /* srp.h */ = {isa = PBXFileReference; fileEncoding = 4; lastKnownFileType = sourcecode.c.h; path = srp.h; sourceTree = "<group>"; };
		3FDE0F7D1934488100883C84 /* srtp.h */ = {isa = PBXFileReference; fileEncoding = 4; lastKnownFileType = sourcecode.c.h; path = srtp.h; sourceTree = "<group>"; };
		3FDE0F7E1934488100883C84 /* ssl.h */ = {isa = PBXFileReference; fileEncoding = 4; lastKnownFileType = sourcecode.c.h; path = ssl.h; sourceTree = "<group>"; };
		3FDE0F7F1934488100883C84 /* ssl2.h */ = {isa = PBXFileReference; fileEncoding = 4; lastKnownFileType = sourcecode.c.h; path = ssl2.h; sourceTree = "<group>"; };
		3FDE0F801934488100883C84 /* ssl23.h */ = {isa = PBXFileReference; fileEncoding = 4; lastKnownFileType = sourcecode.c.h; path = ssl23.h; sourceTree = "<group>"; };
		3FDE0F811934488100883C84 /* ssl3.h */ = {isa = PBXFileReference; fileEncoding = 4; lastKnownFileType = sourcecode.c.h; path = ssl3.h; sourceTree = "<group>"; };
		3FDE0F821934488100883C84 /* stack.h */ = {isa = PBXFileReference; fileEncoding = 4; lastKnownFileType = sourcecode.c.h; path = stack.h; sourceTree = "<group>"; };
		3FDE0F831934488100883C84 /* symhacks.h */ = {isa = PBXFileReference; fileEncoding = 4; lastKnownFileType = sourcecode.c.h; path = symhacks.h; sourceTree = "<group>"; };
		3FDE0F841934488100883C84 /* tls1.h */ = {isa = PBXFileReference; fileEncoding = 4; lastKnownFileType = sourcecode.c.h; path = tls1.h; sourceTree = "<group>"; };
		3FDE0F851934488100883C84 /* ts.h */ = {isa = PBXFileReference; fileEncoding = 4; lastKnownFileType = sourcecode.c.h; path = ts.h; sourceTree = "<group>"; };
		3FDE0F861934488100883C84 /* txt_db.h */ = {isa = PBXFileReference; fileEncoding = 4; lastKnownFileType = sourcecode.c.h; path = txt_db.h; sourceTree = "<group>"; };
		3FDE0F871934488100883C84 /* ui.h */ = {isa = PBXFileReference; fileEncoding = 4; lastKnownFileType = sourcecode.c.h; path = ui.h; sourceTree = "<group>"; };
		3FDE0F881934488100883C84 /* ui_compat.h */ = {isa = PBXFileReference; fileEncoding = 4; lastKnownFileType = sourcecode.c.h; path = ui_compat.h; sourceTree = "<group>"; };
		3FDE0F891934488100883C84 /* whrlpool.h */ = {isa = PBXFileReference; fileEncoding = 4; lastKnownFileType = sourcecode.c.h; path = whrlpool.h; sourceTree = "<group>"; };
		3FDE0F8A1934488100883C84 /* x509.h */ = {isa = PBXFileReference; fileEncoding = 4; lastKnownFileType = sourcecode.c.h; path = x509.h; sourceTree = "<group>"; };
		3FDE0F8B1934488100883C84 /* x509_vfy.h */ = {isa = PBXFileReference; fileEncoding = 4; lastKnownFileType = sourcecode.c.h; path = x509_vfy.h; sourceTree = "<group>"; };
		3FDE0F8C1934488100883C84 /* x509v3.h */ = {isa = PBXFileReference; fileEncoding = 4; lastKnownFileType = sourcecode.c.h; path = x509v3.h; sourceTree = "<group>"; };
		3FDE0F8D193453E800883C84 /* libCoreBitcoin.a */ = {isa = PBXFileReference; lastKnownFileType = archive.ar; name = libCoreBitcoin.a; path = ../_vendors/lib/iOS/libCoreBitcoin.a; sourceTree = "<group>"; };
/* End PBXFileReference section */

/* Begin PBXFrameworksBuildPhase section */
		3FB8E42619317A7200B713CA /* Frameworks */ = {
			isa = PBXFrameworksBuildPhase;
			buildActionMask = 2147483647;
			files = (
				3F8E798A1936A3D7004993E8 /* Security.framework in Frameworks */,
				3FDE0F291934485F00883C84 /* CoreBitcoin.framework in Frameworks */,
				3F3527831933FA4E00FF1A6F /* libiconv.dylib in Frameworks */,
				3F35277F1933FA3000FF1A6F /* AVFoundation.framework in Frameworks */,
				3F35277C1933FA2400FF1A6F /* CoreMedia.framework in Frameworks */,
				3F35277D1933FA2400FF1A6F /* CoreVideo.framework in Frameworks */,
				3F3527791933FA1A00FF1A6F /* QuartzCore.framework in Frameworks */,
				3F3527771933F9E800FF1A6F /* libzbar.a in Frameworks */,
				3FB8E42F19317A7200B713CA /* CoreGraphics.framework in Frameworks */,
				3FB8E43119317A7200B713CA /* UIKit.framework in Frameworks */,
				3FB8E42D19317A7200B713CA /* Foundation.framework in Frameworks */,
			);
			runOnlyForDeploymentPostprocessing = 0;
		};
		3FB8E44A19317A7200B713CA /* Frameworks */ = {
			isa = PBXFrameworksBuildPhase;
			buildActionMask = 2147483647;
			files = (
				3FB8E44F19317A7200B713CA /* XCTest.framework in Frameworks */,
				3FB8E45119317A7200B713CA /* UIKit.framework in Frameworks */,
				3FB8E45019317A7200B713CA /* Foundation.framework in Frameworks */,
			);
			runOnlyForDeploymentPostprocessing = 0;
		};
/* End PBXFrameworksBuildPhase section */

/* Begin PBXGroup section */
		3F33733F1931833E0003790B /* ECSlidingViewController */ = {
			isa = PBXGroup;
			children = (
				3F3373401931833E0003790B /* ECPercentDrivenInteractiveTransition.h */,
				3F3373411931833E0003790B /* ECPercentDrivenInteractiveTransition.m */,
				3F3373421931833E0003790B /* ECSlidingAnimationController.h */,
				3F3373431931833E0003790B /* ECSlidingAnimationController.m */,
				3F3373441931833E0003790B /* ECSlidingConstants.h */,
				3F3373451931833E0003790B /* ECSlidingInteractiveTransition.h */,
				3F3373461931833E0003790B /* ECSlidingInteractiveTransition.m */,
				3F3373471931833E0003790B /* ECSlidingSegue.h */,
				3F3373481931833E0003790B /* ECSlidingSegue.m */,
				3F3373491931833E0003790B /* ECSlidingViewController.h */,
				3F33734A1931833E0003790B /* ECSlidingViewController.m */,
				3F33734B1931833E0003790B /* UIViewController+ECSlidingViewController.h */,
				3F33734C1931833E0003790B /* UIViewController+ECSlidingViewController.m */,
			);
			name = ECSlidingViewController;
			path = ../_vendors/ECSlidingViewController/ECSlidingViewController;
			sourceTree = "<group>";
		};
		3F33735319318A920003790B /* Controllers */ = {
			isa = PBXGroup;
			children = (
				3F33735419318E390003790B /* ScanVC.h */,
				3F33735519318E390003790B /* ScanVC.m */,
				3F33735C19318F280003790B /* MenuVC.h */,
				3F33735D19318F280003790B /* MenuVC.m */,
			);
			name = Controllers;
			sourceTree = "<group>";
		};
		3F33735719318E7E0003790B /* Storyboards */ = {
			isa = PBXGroup;
			children = (
				3F33735819318ED40003790B /* Main_iPad.storyboard */,
				3F33735919318ED40003790B /* Main_iPhone.storyboard */,
			);
			name = Storyboards;
			sourceTree = "<group>";
		};
		3F35278419341F4A00FF1A6F /* ZBarSDK */ = {
			isa = PBXGroup;
			children = (
				3F35279119341F7200FF1A6F /* zbar */,
				3F35279319341FB000FF1A6F /* ZBarCameraSimulator.h */,
				3F35279419341FB000FF1A6F /* ZBarCaptureReader.h */,
				3F35279519341FB000FF1A6F /* ZBarHelpController.h */,
				3F35279619341FB000FF1A6F /* ZBarImage.h */,
				3F35279719341FB000FF1A6F /* ZBarImageScanner.h */,
				3F35279819341FB000FF1A6F /* ZBarReaderController.h */,
				3F35279919341FB000FF1A6F /* ZBarReaderView.h */,
				3F35279A19341FB000FF1A6F /* ZBarReaderViewController.h */,
				3F35279B19341FB000FF1A6F /* ZBarSDK.h */,
				3F35279C19341FB000FF1A6F /* ZBarSymbol.h */,
				3F35279219341F9300FF1A6F /* zbar.h */,
			);
			name = ZBarSDK;
			path = ../_vendors/ZBar/include/zbar;
			sourceTree = "<group>";
		};
		3F35279119341F7200FF1A6F /* zbar */ = {
			isa = PBXGroup;
			children = (
				3F35278519341F4A00FF1A6F /* Decoder.h */,
				3F35278619341F4A00FF1A6F /* Exception.h */,
				3F35278719341F4A00FF1A6F /* Image.h */,
				3F35278819341F4A00FF1A6F /* ImageScanner.h */,
				3F35278919341F4A00FF1A6F /* Processor.h */,
				3F35278A19341F4A00FF1A6F /* QZBar.h */,
				3F35278B19341F4A00FF1A6F /* QZBarImage.h */,
				3F35278C19341F4A00FF1A6F /* Scanner.h */,
				3F35278D19341F4A00FF1A6F /* Symbol.h */,
				3F35278E19341F4A00FF1A6F /* Video.h */,
				3F35278F19341F4A00FF1A6F /* Window.h */,
				3F35279019341F4A00FF1A6F /* zbargtk.h */,
			);
			name = zbar;
			sourceTree = "<group>";
		};
		3F8E798F1936A418004993E8 /* SSKeychain */ = {
			isa = PBXGroup;
			children = (
				3F8E79901936A418004993E8 /* SSKeychain.strings */,
				3F8E79921936A418004993E8 /* SSKeychain.h */,
				3F8E79931936A418004993E8 /* SSKeychain.m */,
				3F8E79941936A418004993E8 /* SSKeychainQuery.h */,
				3F8E79951936A418004993E8 /* SSKeychainQuery.m */,
			);
			name = SSKeychain;
			path = ../_vendors/SSKeychain/SSKeychain;
			sourceTree = "<group>";
		};
		3F8E79991936A430004993E8 /* Managers */ = {
			isa = PBXGroup;
			children = (
				3F8E799A1936A485004993E8 /* WalletManager.h */,
				3F8E799B1936A485004993E8 /* WalletManager.m */,
			);
			name = Managers;
			sourceTree = "<group>";
		};
		3F8E799D1936C764004993E8 /* Categories */ = {
			isa = PBXGroup;
			children = (
				3F8E799E1936C7C0004993E8 /* NSDictionary+MasterNode.h */,
				3F8E799F1936C7C0004993E8 /* NSDictionary+MasterNode.m */,
			);
			name = Categories;
			sourceTree = "<group>";
		};
		3F8E79A5193D6831004993E8 /* CocoaSecurity */ = {
			isa = PBXGroup;
			children = (
				3F8E79A6193D6831004993E8 /* CocoaSecurity.h */,
				3F8E79A7193D6831004993E8 /* CocoaSecurity.m */,
			);
			name = CocoaSecurity;
			path = ../_vendors/CocoaSecurity/CocoaSecurity;
			sourceTree = "<group>";
		};
		3F8E79A9193D6843004993E8 /* Base64 */ = {
			isa = PBXGroup;
			children = (
				3F8E79AA193D6843004993E8 /* Base64.h */,
				3F8E79AB193D6843004993E8 /* Base64.m */,
			);
			name = Base64;
			path = ../_vendors/CocoaSecurity/submodules/Base64/Base64;
			sourceTree = "<group>";
		};
		3F8E79AD194551C8004993E8 /* Models */ = {
			isa = PBXGroup;
			children = (
				3F8E79AE194551F5004993E8 /* ScanModel.h */,
				3F8E79AF194551F5004993E8 /* ScanModel.m */,
			);
			name = Models;
			sourceTree = "<group>";
		};
		3FB8E42019317A7200B713CA = {
			isa = PBXGroup;
			children = (
				3F8E79A9193D6843004993E8 /* Base64 */,
				3FB8E43219317A7200B713CA /* BitBadge */,
				3FB8E45419317A7200B713CA /* BitBadgeTests */,
				3F8E79A5193D6831004993E8 /* CocoaSecurity */,
				3FDE0F2A1934486600883C84 /* CoreBitcoin */,
				3F33733F1931833E0003790B /* ECSlidingViewController */,
				3FB8E42B19317A7200B713CA /* Frameworks */,
				3FB8E42A19317A7200B713CA /* Products */,
				3F8E798F1936A418004993E8 /* SSKeychain */,
				3F35278419341F4A00FF1A6F /* ZBarSDK */,
			);
			sourceTree = "<group>";
		};
		3FB8E42A19317A7200B713CA /* Products */ = {
			isa = PBXGroup;
			children = (
				3FB8E42919317A7200B713CA /* BitBadge.app */,
				3FB8E44D19317A7200B713CA /* BitBadgeTests.xctest */,
			);
			name = Products;
			sourceTree = "<group>";
		};
		3FB8E42B19317A7200B713CA /* Frameworks */ = {
			isa = PBXGroup;
			children = (
				3FDE0F8D193453E800883C84 /* libCoreBitcoin.a */,
				3FDE0F281934485F00883C84 /* CoreBitcoin.framework */,
				3FDE0E6D1934435D00883C84 /* libcrypto.a */,
				3FDE0E6E1934435D00883C84 /* libssl.a */,
				3F3527821933FA4E00FF1A6F /* libiconv.dylib */,
				3F3527801933FA4300FF1A6F /* Security.framework */,
				3F35277E1933FA3000FF1A6F /* AVFoundation.framework */,
				3F35277A1933FA2400FF1A6F /* CoreMedia.framework */,
				3F35277B1933FA2400FF1A6F /* CoreVideo.framework */,
				3F3527781933FA1A00FF1A6F /* QuartzCore.framework */,
				3F3527761933F9E800FF1A6F /* libzbar.a */,
				3FB8E42C19317A7200B713CA /* Foundation.framework */,
				3FB8E42E19317A7200B713CA /* CoreGraphics.framework */,
				3FB8E43019317A7200B713CA /* UIKit.framework */,
				3FB8E44E19317A7200B713CA /* XCTest.framework */,
			);
			name = Frameworks;
			sourceTree = "<group>";
		};
		3FB8E43219317A7200B713CA /* BitBadge */ = {
			isa = PBXGroup;
			children = (
				3FB8E43B19317A7200B713CA /* AppDelegate.h */,
				3FB8E43C19317A7200B713CA /* AppDelegate.m */,
				3FB8E44719317A7200B713CA /* Images.xcassets */,
				3F8E799D1936C764004993E8 /* Categories */,
				3F33735319318A920003790B /* Controllers */,
				3F8E79991936A430004993E8 /* Managers */,
				3F8E79AD194551C8004993E8 /* Models */,
				3F33735719318E7E0003790B /* Storyboards */,
				3FB8E43319317A7200B713CA /* Supporting Files */,
			);
			path = BitBadge;
			sourceTree = "<group>";
		};
		3FB8E43319317A7200B713CA /* Supporting Files */ = {
			isa = PBXGroup;
			children = (
				3FB8E43419317A7200B713CA /* BitBadge-Info.plist */,
				3FB8E43519317A7200B713CA /* InfoPlist.strings */,
				3FB8E43819317A7200B713CA /* main.m */,
				3FB8E43A19317A7200B713CA /* BitBadge-Prefix.pch */,
			);
			name = "Supporting Files";
			sourceTree = "<group>";
		};
		3FB8E45419317A7200B713CA /* BitBadgeTests */ = {
			isa = PBXGroup;
			children = (
				3FB8E45A19317A7200B713CA /* BitBadgeTests.m */,
				3FB8E45519317A7200B713CA /* Supporting Files */,
			);
			path = BitBadgeTests;
			sourceTree = "<group>";
		};
		3FB8E45519317A7200B713CA /* Supporting Files */ = {
			isa = PBXGroup;
			children = (
				3FB8E45619317A7200B713CA /* BitBadgeTests-Info.plist */,
				3FB8E45719317A7200B713CA /* InfoPlist.strings */,
			);
			name = "Supporting Files";
			sourceTree = "<group>";
		};
		3FDE0F2A1934486600883C84 /* CoreBitcoin */ = {
			isa = PBXGroup;
			children = (
				3FDE0F2B1934488100883C84 /* BTCAddress.h */,
				3FDE0F2C1934488100883C84 /* BTCBase58.h */,
				3FDE0F2D1934488100883C84 /* BTCBigNumber.h */,
				3FDE0F2E1934488100883C84 /* BTCBlockchainInfo.h */,
				3FDE0F2F1934488100883C84 /* BTCCurvePoint.h */,
				3FDE0F301934488100883C84 /* BTCData.h */,
				3FDE0F311934488100883C84 /* BTCErrors.h */,
				3FDE0F321934488100883C84 /* BTCKey.h */,
				3FDE0F331934488100883C84 /* BTCKeychain.h */,
				3FDE0F341934488100883C84 /* BTCOpcode.h */,
				3FDE0F351934488100883C84 /* BTCProtocolSerialization.h */,
				3FDE0F361934488100883C84 /* BTCScript.h */,
				3FDE0F371934488100883C84 /* BTCScriptMachine.h */,
				3FDE0F381934488100883C84 /* BTCSignatureHashType.h */,
				3FDE0F391934488100883C84 /* BTCTransaction.h */,
				3FDE0F3A1934488100883C84 /* BTCTransactionInput.h */,
				3FDE0F3B1934488100883C84 /* BTCTransactionOutput.h */,
				3FDE0F3C1934488100883C84 /* BTCUnitsAndLimits.h */,
				3FDE0F3D1934488100883C84 /* CoreBitcoin.h */,
				3FDE0F3E1934488100883C84 /* CoreBitcoin+Categories.h */,
				3FDE0F3F1934488100883C84 /* NS+BTCBase58.h */,
				3FDE0F401934488100883C84 /* NSData+BTCData.h */,
				3FDE0F411934488100883C84 /* openssl */,
			);
			name = CoreBitcoin;
			sourceTree = "<group>";
		};
		3FDE0F411934488100883C84 /* openssl */ = {
			isa = PBXGroup;
			children = (
				3FDE0F421934488100883C84 /* aes.h */,
				3FDE0F431934488100883C84 /* asn1.h */,
				3FDE0F441934488100883C84 /* asn1_mac.h */,
				3FDE0F451934488100883C84 /* asn1t.h */,
				3FDE0F461934488100883C84 /* bio.h */,
				3FDE0F471934488100883C84 /* blowfish.h */,
				3FDE0F481934488100883C84 /* bn.h */,
				3FDE0F491934488100883C84 /* buffer.h */,
				3FDE0F4A1934488100883C84 /* camellia.h */,
				3FDE0F4B1934488100883C84 /* cast.h */,
				3FDE0F4C1934488100883C84 /* cmac.h */,
				3FDE0F4D1934488100883C84 /* cms.h */,
				3FDE0F4E1934488100883C84 /* comp.h */,
				3FDE0F4F1934488100883C84 /* conf.h */,
				3FDE0F501934488100883C84 /* conf_api.h */,
				3FDE0F511934488100883C84 /* crypto.h */,
				3FDE0F521934488100883C84 /* des.h */,
				3FDE0F531934488100883C84 /* des_old.h */,
				3FDE0F541934488100883C84 /* dh.h */,
				3FDE0F551934488100883C84 /* dsa.h */,
				3FDE0F561934488100883C84 /* dso.h */,
				3FDE0F571934488100883C84 /* dtls1.h */,
				3FDE0F581934488100883C84 /* e_os2.h */,
				3FDE0F591934488100883C84 /* ebcdic.h */,
				3FDE0F5A1934488100883C84 /* ec.h */,
				3FDE0F5B1934488100883C84 /* ecdh.h */,
				3FDE0F5C1934488100883C84 /* ecdsa.h */,
				3FDE0F5D1934488100883C84 /* engine.h */,
				3FDE0F5E1934488100883C84 /* err.h */,
				3FDE0F5F1934488100883C84 /* evp.h */,
				3FDE0F601934488100883C84 /* hmac.h */,
				3FDE0F611934488100883C84 /* idea.h */,
				3FDE0F621934488100883C84 /* krb5_asn.h */,
				3FDE0F631934488100883C84 /* kssl.h */,
				3FDE0F641934488100883C84 /* lhash.h */,
				3FDE0F651934488100883C84 /* md4.h */,
				3FDE0F661934488100883C84 /* md5.h */,
				3FDE0F671934488100883C84 /* mdc2.h */,
				3FDE0F681934488100883C84 /* modes.h */,
				3FDE0F691934488100883C84 /* obj_mac.h */,
				3FDE0F6A1934488100883C84 /* objects.h */,
				3FDE0F6B1934488100883C84 /* ocsp.h */,
				3FDE0F6C1934488100883C84 /* opensslconf.h */,
				3FDE0F6D1934488100883C84 /* opensslv.h */,
				3FDE0F6E1934488100883C84 /* ossl_typ.h */,
				3FDE0F6F1934488100883C84 /* pem.h */,
				3FDE0F701934488100883C84 /* pem2.h */,
				3FDE0F711934488100883C84 /* pkcs12.h */,
				3FDE0F721934488100883C84 /* pkcs7.h */,
				3FDE0F731934488100883C84 /* pqueue.h */,
				3FDE0F741934488100883C84 /* rand.h */,
				3FDE0F751934488100883C84 /* rc2.h */,
				3FDE0F761934488100883C84 /* rc4.h */,
				3FDE0F771934488100883C84 /* ripemd.h */,
				3FDE0F781934488100883C84 /* rsa.h */,
				3FDE0F791934488100883C84 /* safestack.h */,
				3FDE0F7A1934488100883C84 /* seed.h */,
				3FDE0F7B1934488100883C84 /* sha.h */,
				3FDE0F7C1934488100883C84 /* srp.h */,
				3FDE0F7D1934488100883C84 /* srtp.h */,
				3FDE0F7E1934488100883C84 /* ssl.h */,
				3FDE0F7F1934488100883C84 /* ssl2.h */,
				3FDE0F801934488100883C84 /* ssl23.h */,
				3FDE0F811934488100883C84 /* ssl3.h */,
				3FDE0F821934488100883C84 /* stack.h */,
				3FDE0F831934488100883C84 /* symhacks.h */,
				3FDE0F841934488100883C84 /* tls1.h */,
				3FDE0F851934488100883C84 /* ts.h */,
				3FDE0F861934488100883C84 /* txt_db.h */,
				3FDE0F871934488100883C84 /* ui.h */,
				3FDE0F881934488100883C84 /* ui_compat.h */,
				3FDE0F891934488100883C84 /* whrlpool.h */,
				3FDE0F8A1934488100883C84 /* x509.h */,
				3FDE0F8B1934488100883C84 /* x509_vfy.h */,
				3FDE0F8C1934488100883C84 /* x509v3.h */,
			);
			name = openssl;
			path = ../_vendors/lib/include/openssl;
			sourceTree = "<group>";
		};
/* End PBXGroup section */

/* Begin PBXNativeTarget section */
		3FB8E42819317A7200B713CA /* BitBadge */ = {
			isa = PBXNativeTarget;
			buildConfigurationList = 3FB8E45E19317A7200B713CA /* Build configuration list for PBXNativeTarget "BitBadge" */;
			buildPhases = (
				3FB8E42519317A7200B713CA /* Sources */,
				3FB8E42619317A7200B713CA /* Frameworks */,
				3FB8E42719317A7200B713CA /* Resources */,
			);
			buildRules = (
			);
			dependencies = (
			);
			name = BitBadge;
			productName = BitBadge;
			productReference = 3FB8E42919317A7200B713CA /* BitBadge.app */;
			productType = "com.apple.product-type.application";
		};
		3FB8E44C19317A7200B713CA /* BitBadgeTests */ = {
			isa = PBXNativeTarget;
			buildConfigurationList = 3FB8E46119317A7200B713CA /* Build configuration list for PBXNativeTarget "BitBadgeTests" */;
			buildPhases = (
				3FB8E44919317A7200B713CA /* Sources */,
				3FB8E44A19317A7200B713CA /* Frameworks */,
				3FB8E44B19317A7200B713CA /* Resources */,
			);
			buildRules = (
			);
			dependencies = (
				3FB8E45319317A7200B713CA /* PBXTargetDependency */,
			);
			name = BitBadgeTests;
			productName = BitBadgeTests;
			productReference = 3FB8E44D19317A7200B713CA /* BitBadgeTests.xctest */;
			productType = "com.apple.product-type.bundle.unit-test";
		};
/* End PBXNativeTarget section */

/* Begin PBXProject section */
		3FB8E42119317A7200B713CA /* Project object */ = {
			isa = PBXProject;
			attributes = {
				LastUpgradeCheck = 0510;
				ORGANIZATIONNAME = "GigaBitcoin, LLC";
				TargetAttributes = {
					3FB8E44C19317A7200B713CA = {
						TestTargetID = 3FB8E42819317A7200B713CA;
					};
				};
			};
			buildConfigurationList = 3FB8E42419317A7200B713CA /* Build configuration list for PBXProject "BitBadge" */;
			compatibilityVersion = "Xcode 3.2";
			developmentRegion = English;
			hasScannedForEncodings = 0;
			knownRegions = (
				en,
				Base,
			);
			mainGroup = 3FB8E42019317A7200B713CA;
			productRefGroup = 3FB8E42A19317A7200B713CA /* Products */;
			projectDirPath = "";
			projectRoot = "";
			targets = (
				3FB8E42819317A7200B713CA /* BitBadge */,
				3FB8E44C19317A7200B713CA /* BitBadgeTests */,
			);
		};
/* End PBXProject section */

/* Begin PBXResourcesBuildPhase section */
		3FB8E42719317A7200B713CA /* Resources */ = {
			isa = PBXResourcesBuildPhase;
			buildActionMask = 2147483647;
			files = (
				3F8E79961936A418004993E8 /* SSKeychain.strings in Resources */,
				3F33735B19318ED40003790B /* Main_iPhone.storyboard in Resources */,
				3F33735A19318ED40003790B /* Main_iPad.storyboard in Resources */,
				3FB8E44819317A7200B713CA /* Images.xcassets in Resources */,
				3FB8E43719317A7200B713CA /* InfoPlist.strings in Resources */,
			);
			runOnlyForDeploymentPostprocessing = 0;
		};
		3FB8E44B19317A7200B713CA /* Resources */ = {
			isa = PBXResourcesBuildPhase;
			buildActionMask = 2147483647;
			files = (
				3FB8E45919317A7200B713CA /* InfoPlist.strings in Resources */,
			);
			runOnlyForDeploymentPostprocessing = 0;
		};
/* End PBXResourcesBuildPhase section */

/* Begin PBXSourcesBuildPhase section */
		3FB8E42519317A7200B713CA /* Sources */ = {
			isa = PBXSourcesBuildPhase;
			buildActionMask = 2147483647;
			files = (
				3F33735E19318F280003790B /* MenuVC.m in Sources */,
				3F3373521931833E0003790B /* UIViewController+ECSlidingViewController.m in Sources */,
				3F8E79B0194551F5004993E8 /* ScanModel.m in Sources */,
				3FB8E43D19317A7200B713CA /* AppDelegate.m in Sources */,
				3F33735619318E390003790B /* ScanVC.m in Sources */,
				3F8E79981936A418004993E8 /* SSKeychainQuery.m in Sources */,
				3F33734F1931833E0003790B /* ECSlidingInteractiveTransition.m in Sources */,
				3F3373501931833E0003790B /* ECSlidingSegue.m in Sources */,
				3F8E799C1936A485004993E8 /* WalletManager.m in Sources */,
				3F8E79AC193D6843004993E8 /* Base64.m in Sources */,
				3F8E79A01936C7C1004993E8 /* NSDictionary+MasterNode.m in Sources */,
				3F8E79A8193D6831004993E8 /* CocoaSecurity.m in Sources */,
				3FB8E43919317A7200B713CA /* main.m in Sources */,
				3F3373511931833E0003790B /* ECSlidingViewController.m in Sources */,
				3F8E79971936A418004993E8 /* SSKeychain.m in Sources */,
				3F33734E1931833E0003790B /* ECSlidingAnimationController.m in Sources */,
				3F33734D1931833E0003790B /* ECPercentDrivenInteractiveTransition.m in Sources */,
			);
			runOnlyForDeploymentPostprocessing = 0;
		};
		3FB8E44919317A7200B713CA /* Sources */ = {
			isa = PBXSourcesBuildPhase;
			buildActionMask = 2147483647;
			files = (
				3FB8E45B19317A7200B713CA /* BitBadgeTests.m in Sources */,
			);
			runOnlyForDeploymentPostprocessing = 0;
		};
/* End PBXSourcesBuildPhase section */

/* Begin PBXTargetDependency section */
		3FB8E45319317A7200B713CA /* PBXTargetDependency */ = {
			isa = PBXTargetDependency;
			target = 3FB8E42819317A7200B713CA /* BitBadge */;
			targetProxy = 3FB8E45219317A7200B713CA /* PBXContainerItemProxy */;
		};
/* End PBXTargetDependency section */

/* Begin PBXVariantGroup section */
		3F8E79901936A418004993E8 /* SSKeychain.strings */ = {
			isa = PBXVariantGroup;
			children = (
				3F8E79911936A418004993E8 /* en */,
			);
			name = SSKeychain.strings;
			sourceTree = "<group>";
		};
		3FB8E43519317A7200B713CA /* InfoPlist.strings */ = {
			isa = PBXVariantGroup;
			children = (
				3FB8E43619317A7200B713CA /* en */,
			);
			name = InfoPlist.strings;
			sourceTree = "<group>";
		};
		3FB8E45719317A7200B713CA /* InfoPlist.strings */ = {
			isa = PBXVariantGroup;
			children = (
				3FB8E45819317A7200B713CA /* en */,
			);
			name = InfoPlist.strings;
			sourceTree = "<group>";
		};
/* End PBXVariantGroup section */

/* Begin XCBuildConfiguration section */
		3FB8E45C19317A7200B713CA /* Debug */ = {
			isa = XCBuildConfiguration;
			buildSettings = {
				ALWAYS_SEARCH_USER_PATHS = NO;
				CLANG_CXX_LANGUAGE_STANDARD = "gnu++0x";
				CLANG_CXX_LIBRARY = "libc++";
				CLANG_ENABLE_MODULES = YES;
				CLANG_ENABLE_OBJC_ARC = YES;
				CLANG_WARN_BOOL_CONVERSION = YES;
				CLANG_WARN_CONSTANT_CONVERSION = YES;
				CLANG_WARN_DIRECT_OBJC_ISA_USAGE = YES_ERROR;
				CLANG_WARN_EMPTY_BODY = YES;
				CLANG_WARN_ENUM_CONVERSION = YES;
				CLANG_WARN_INT_CONVERSION = YES;
				CLANG_WARN_OBJC_ROOT_CLASS = YES_ERROR;
				CLANG_WARN__DUPLICATE_METHOD_MATCH = YES;
				"CODE_SIGN_IDENTITY[sdk=iphoneos*]" = "iPhone Developer";
				COPY_PHASE_STRIP = NO;
				GCC_C_LANGUAGE_STANDARD = gnu99;
				GCC_DYNAMIC_NO_PIC = NO;
				GCC_OPTIMIZATION_LEVEL = 0;
				GCC_PREPROCESSOR_DEFINITIONS = (
					"DEBUG=1",
					"$(inherited)",
				);
				GCC_SYMBOLS_PRIVATE_EXTERN = NO;
				GCC_WARN_64_TO_32_BIT_CONVERSION = YES;
				GCC_WARN_ABOUT_RETURN_TYPE = YES_ERROR;
				GCC_WARN_UNDECLARED_SELECTOR = YES;
				GCC_WARN_UNINITIALIZED_AUTOS = YES_AGGRESSIVE;
				GCC_WARN_UNUSED_FUNCTION = YES;
				GCC_WARN_UNUSED_VARIABLE = YES;
				IPHONEOS_DEPLOYMENT_TARGET = 7.1;
				ONLY_ACTIVE_ARCH = YES;
				SDKROOT = iphoneos;
				TARGETED_DEVICE_FAMILY = "1,2";
			};
			name = Debug;
		};
		3FB8E45D19317A7200B713CA /* Release */ = {
			isa = XCBuildConfiguration;
			buildSettings = {
				ALWAYS_SEARCH_USER_PATHS = NO;
				CLANG_CXX_LANGUAGE_STANDARD = "gnu++0x";
				CLANG_CXX_LIBRARY = "libc++";
				CLANG_ENABLE_MODULES = YES;
				CLANG_ENABLE_OBJC_ARC = YES;
				CLANG_WARN_BOOL_CONVERSION = YES;
				CLANG_WARN_CONSTANT_CONVERSION = YES;
				CLANG_WARN_DIRECT_OBJC_ISA_USAGE = YES_ERROR;
				CLANG_WARN_EMPTY_BODY = YES;
				CLANG_WARN_ENUM_CONVERSION = YES;
				CLANG_WARN_INT_CONVERSION = YES;
				CLANG_WARN_OBJC_ROOT_CLASS = YES_ERROR;
				CLANG_WARN__DUPLICATE_METHOD_MATCH = YES;
				"CODE_SIGN_IDENTITY[sdk=iphoneos*]" = "iPhone Developer";
				COPY_PHASE_STRIP = YES;
				ENABLE_NS_ASSERTIONS = NO;
				GCC_C_LANGUAGE_STANDARD = gnu99;
				GCC_WARN_64_TO_32_BIT_CONVERSION = YES;
				GCC_WARN_ABOUT_RETURN_TYPE = YES_ERROR;
				GCC_WARN_UNDECLARED_SELECTOR = YES;
				GCC_WARN_UNINITIALIZED_AUTOS = YES_AGGRESSIVE;
				GCC_WARN_UNUSED_FUNCTION = YES;
				GCC_WARN_UNUSED_VARIABLE = YES;
				IPHONEOS_DEPLOYMENT_TARGET = 7.1;
				SDKROOT = iphoneos;
				TARGETED_DEVICE_FAMILY = "1,2";
				VALIDATE_PRODUCT = YES;
			};
			name = Release;
		};
		3FB8E45F19317A7200B713CA /* Debug */ = {
			isa = XCBuildConfiguration;
			buildSettings = {
				ASSETCATALOG_COMPILER_APPICON_NAME = AppIcon;
				ASSETCATALOG_COMPILER_LAUNCHIMAGE_NAME = LaunchImage;
				FRAMEWORK_SEARCH_PATHS = (
					"$(inherited)",
					/Users/csjones/GitHub/bitbadge/_vendors/lib/iOS,
				);
				GCC_PRECOMPILE_PREFIX_HEADER = YES;
				GCC_PREFIX_HEADER = "BitBadge/BitBadge-Prefix.pch";
				INFOPLIST_FILE = "BitBadge/BitBadge-Info.plist";
				LIBRARY_SEARCH_PATHS = (
					"$(inherited)",
					"/Users/csjones/GitHub/bitbadge/_vendors/ZBar/iphone/build/Debug-iphoneos",
					/Users/csjones/GitHub/bitbadge/_vendors/lib,
					/Users/csjones/GitHub/bitbadge/_vendors/lib/iOS,
				);
				PRODUCT_NAME = "$(TARGET_NAME)";
				WRAPPER_EXTENSION = app;
			};
			name = Debug;
		};
		3FB8E46019317A7200B713CA /* Release */ = {
			isa = XCBuildConfiguration;
			buildSettings = {
				ASSETCATALOG_COMPILER_APPICON_NAME = AppIcon;
				ASSETCATALOG_COMPILER_LAUNCHIMAGE_NAME = LaunchImage;
				FRAMEWORK_SEARCH_PATHS = (
					"$(inherited)",
					/Users/csjones/GitHub/bitbadge/_vendors/lib/iOS,
				);
				GCC_PRECOMPILE_PREFIX_HEADER = YES;
				GCC_PREFIX_HEADER = "BitBadge/BitBadge-Prefix.pch";
				INFOPLIST_FILE = "BitBadge/BitBadge-Info.plist";
				LIBRARY_SEARCH_PATHS = (
					"$(inherited)",
					"/Users/csjones/GitHub/bitbadge/_vendors/ZBar/iphone/build/Debug-iphoneos",
					/Users/csjones/GitHub/bitbadge/_vendors/lib,
					/Users/csjones/GitHub/bitbadge/_vendors/lib/iOS,
				);
				PRODUCT_NAME = "$(TARGET_NAME)";
				WRAPPER_EXTENSION = app;
			};
			name = Release;
		};
		3FB8E46219317A7200B713CA /* Debug */ = {
			isa = XCBuildConfiguration;
			buildSettings = {
				BUNDLE_LOADER = "$(BUILT_PRODUCTS_DIR)/BitBadge.app/BitBadge";
				FRAMEWORK_SEARCH_PATHS = (
					"$(SDKROOT)/Developer/Library/Frameworks",
					"$(inherited)",
					"$(DEVELOPER_FRAMEWORKS_DIR)",
				);
				GCC_PRECOMPILE_PREFIX_HEADER = YES;
				GCC_PREFIX_HEADER = "BitBadge/BitBadge-Prefix.pch";
				GCC_PREPROCESSOR_DEFINITIONS = (
					"DEBUG=1",
					"$(inherited)",
				);
				INFOPLIST_FILE = "BitBadgeTests/BitBadgeTests-Info.plist";
				PRODUCT_NAME = "$(TARGET_NAME)";
				TEST_HOST = "$(BUNDLE_LOADER)";
				WRAPPER_EXTENSION = xctest;
			};
			name = Debug;
		};
		3FB8E46319317A7200B713CA /* Release */ = {
			isa = XCBuildConfiguration;
			buildSettings = {
				BUNDLE_LOADER = "$(BUILT_PRODUCTS_DIR)/BitBadge.app/BitBadge";
				FRAMEWORK_SEARCH_PATHS = (
					"$(SDKROOT)/Developer/Library/Frameworks",
					"$(inherited)",
					"$(DEVELOPER_FRAMEWORKS_DIR)",
				);
				GCC_PRECOMPILE_PREFIX_HEADER = YES;
				GCC_PREFIX_HEADER = "BitBadge/BitBadge-Prefix.pch";
				INFOPLIST_FILE = "BitBadgeTests/BitBadgeTests-Info.plist";
				PRODUCT_NAME = "$(TARGET_NAME)";
				TEST_HOST = "$(BUNDLE_LOADER)";
				WRAPPER_EXTENSION = xctest;
			};
			name = Release;
		};
/* End XCBuildConfiguration section */

/* Begin XCConfigurationList section */
		3FB8E42419317A7200B713CA /* Build configuration list for PBXProject "BitBadge" */ = {
			isa = XCConfigurationList;
			buildConfigurations = (
				3FB8E45C19317A7200B713CA /* Debug */,
				3FB8E45D19317A7200B713CA /* Release */,
			);
			defaultConfigurationIsVisible = 0;
			defaultConfigurationName = Release;
		};
		3FB8E45E19317A7200B713CA /* Build configuration list for PBXNativeTarget "BitBadge" */ = {
			isa = XCConfigurationList;
			buildConfigurations = (
				3FB8E45F19317A7200B713CA /* Debug */,
				3FB8E46019317A7200B713CA /* Release */,
			);
			defaultConfigurationIsVisible = 0;
			defaultConfigurationName = Release;
		};
		3FB8E46119317A7200B713CA /* Build configuration list for PBXNativeTarget "BitBadgeTests" */ = {
			isa = XCConfigurationList;
			buildConfigurations = (
				3FB8E46219317A7200B713CA /* Debug */,
				3FB8E46319317A7200B713CA /* Release */,
			);
			defaultConfigurationIsVisible = 0;
			defaultConfigurationName = Release;
		};
/* End XCConfigurationList section */
	};
	rootObject = 3FB8E42119317A7200B713CA /* Project object */;
}
