// !$*UTF8*$!
{
	archiveVersion = 1;
	classes = {
	};
	objectVersion = 46;
	objects = {

/* Begin PBXBuildFile section */
		3F33734D1931833E0003790B /* ECPercentDrivenInteractiveTransition.m in Sources */ = {isa = PBXBuildFile; fileRef = 3F3373411931833E0003790B /* ECPercentDrivenInteractiveTransition.m */; };
		3F33734E1931833E0003790B /* ECSlidingAnimationController.m in Sources */ = {isa = PBXBuildFile; fileRef = 3F3373431931833E0003790B /* ECSlidingAnimationController.m */; };
		3F33734F1931833E0003790B /* ECSlidingInteractiveTransition.m in Sources */ = {isa = PBXBuildFile; fileRef = 3F3373461931833E0003790B /* ECSlidingInteractiveTransition.m */; };
		3F3373501931833E0003790B /* ECSlidingSegue.m in Sources */ = {isa = PBXBuildFile; fileRef = 3F3373481931833E0003790B /* ECSlidingSegue.m */; };
		3F3373511931833E0003790B /* ECSlidingViewController.m in Sources */ = {isa = PBXBuildFile; fileRef = 3F33734A1931833E0003790B /* ECSlidingViewController.m */; };
		3F3373521931833E0003790B /* UIViewController+ECSlidingViewController.m in Sources */ = {isa = PBXBuildFile; fileRef = 3F33734C1931833E0003790B /* UIViewController+ECSlidingViewController.m */; };
		3F33735619318E390003790B /* ScanVC.m in Sources */ = {isa = PBXBuildFile; fileRef = 3F33735519318E390003790B /* ScanVC.m */; };
		3F33735A19318ED40003790B /* Main_iPad.storyboard in Resources */ = {isa = PBXBuildFile; fileRef = 3F33735819318ED40003790B /* Main_iPad.storyboard */; };
		3F33735B19318ED40003790B /* Main_iPhone.storyboard in Resources */ = {isa = PBXBuildFile; fileRef = 3F33735919318ED40003790B /* Main_iPhone.storyboard */; };
		3F33735E19318F280003790B /* MenuVC.m in Sources */ = {isa = PBXBuildFile; fileRef = 3F33735D19318F280003790B /* MenuVC.m */; };
		3FB8E42D19317A7200B713CA /* Foundation.framework in Frameworks */ = {isa = PBXBuildFile; fileRef = 3FB8E42C19317A7200B713CA /* Foundation.framework */; };
		3FB8E42F19317A7200B713CA /* CoreGraphics.framework in Frameworks */ = {isa = PBXBuildFile; fileRef = 3FB8E42E19317A7200B713CA /* CoreGraphics.framework */; };
		3FB8E43119317A7200B713CA /* UIKit.framework in Frameworks */ = {isa = PBXBuildFile; fileRef = 3FB8E43019317A7200B713CA /* UIKit.framework */; };
		3FB8E43719317A7200B713CA /* InfoPlist.strings in Resources */ = {isa = PBXBuildFile; fileRef = 3FB8E43519317A7200B713CA /* InfoPlist.strings */; };
		3FB8E43919317A7200B713CA /* main.m in Sources */ = {isa = PBXBuildFile; fileRef = 3FB8E43819317A7200B713CA /* main.m */; };
		3FB8E43D19317A7200B713CA /* AppDelegate.m in Sources */ = {isa = PBXBuildFile; fileRef = 3FB8E43C19317A7200B713CA /* AppDelegate.m */; };
		3FB8E44619317A7200B713CA /* ViewController.m in Sources */ = {isa = PBXBuildFile; fileRef = 3FB8E44519317A7200B713CA /* ViewController.m */; };
		3FB8E44819317A7200B713CA /* Images.xcassets in Resources */ = {isa = PBXBuildFile; fileRef = 3FB8E44719317A7200B713CA /* Images.xcassets */; };
		3FB8E44F19317A7200B713CA /* XCTest.framework in Frameworks */ = {isa = PBXBuildFile; fileRef = 3FB8E44E19317A7200B713CA /* XCTest.framework */; };
		3FB8E45019317A7200B713CA /* Foundation.framework in Frameworks */ = {isa = PBXBuildFile; fileRef = 3FB8E42C19317A7200B713CA /* Foundation.framework */; };
		3FB8E45119317A7200B713CA /* UIKit.framework in Frameworks */ = {isa = PBXBuildFile; fileRef = 3FB8E43019317A7200B713CA /* UIKit.framework */; };
		3FB8E45919317A7200B713CA /* InfoPlist.strings in Resources */ = {isa = PBXBuildFile; fileRef = 3FB8E45719317A7200B713CA /* InfoPlist.strings */; };
		3FB8E45B19317A7200B713CA /* BitBadgeTests.m in Sources */ = {isa = PBXBuildFile; fileRef = 3FB8E45A19317A7200B713CA /* BitBadgeTests.m */; };
/* End PBXBuildFile section */

/* Begin PBXContainerItemProxy section */
		3FB8E45219317A7200B713CA /* PBXContainerItemProxy */ = {
			isa = PBXContainerItemProxy;
			containerPortal = 3FB8E42119317A7200B713CA /* Project object */;
			proxyType = 1;
			remoteGlobalIDString = 3FB8E42819317A7200B713CA;
			remoteInfo = BitBadge;
		};
/* End PBXContainerItemProxy section */

/* Begin PBXFileReference section */
		3F3373401931833E0003790B /* ECPercentDrivenInteractiveTransition.h */ = {isa = PBXFileReference; fileEncoding = 4; lastKnownFileType = sourcecode.c.h; path = ECPercentDrivenInteractiveTransition.h; sourceTree = "<group>"; };
		3F3373411931833E0003790B /* ECPercentDrivenInteractiveTransition.m */ = {isa = PBXFileReference; fileEncoding = 4; lastKnownFileType = sourcecode.c.objc; path = ECPercentDrivenInteractiveTransition.m; sourceTree = "<group>"; };
		3F3373421931833E0003790B /* ECSlidingAnimationController.h */ = {isa = PBXFileReference; fileEncoding = 4; lastKnownFileType = sourcecode.c.h; path = ECSlidingAnimationController.h; sourceTree = "<group>"; };
		3F3373431931833E0003790B /* ECSlidingAnimationController.m */ = {isa = PBXFileReference; fileEncoding = 4; lastKnownFileType = sourcecode.c.objc; path = ECSlidingAnimationController.m; sourceTree = "<group>"; };
		3F3373441931833E0003790B /* ECSlidingConstants.h */ = {isa = PBXFileReference; fileEncoding = 4; lastKnownFileType = sourcecode.c.h; path = ECSlidingConstants.h; sourceTree = "<group>"; };
		3F3373451931833E0003790B /* ECSlidingInteractiveTransition.h */ = {isa = PBXFileReference; fileEncoding = 4; lastKnownFileType = sourcecode.c.h; path = ECSlidingInteractiveTransition.h; sourceTree = "<group>"; };
		3F3373461931833E0003790B /* ECSlidingInteractiveTransition.m */ = {isa = PBXFileReference; fileEncoding = 4; lastKnownFileType = sourcecode.c.objc; path = ECSlidingInteractiveTransition.m; sourceTree = "<group>"; };
		3F3373471931833E0003790B /* ECSlidingSegue.h */ = {isa = PBXFileReference; fileEncoding = 4; lastKnownFileType = sourcecode.c.h; path = ECSlidingSegue.h; sourceTree = "<group>"; };
		3F3373481931833E0003790B /* ECSlidingSegue.m */ = {isa = PBXFileReference; fileEncoding = 4; lastKnownFileType = sourcecode.c.objc; path = ECSlidingSegue.m; sourceTree = "<group>"; };
		3F3373491931833E0003790B /* ECSlidingViewController.h */ = {isa = PBXFileReference; fileEncoding = 4; lastKnownFileType = sourcecode.c.h; path = ECSlidingViewController.h; sourceTree = "<group>"; };
		3F33734A1931833E0003790B /* ECSlidingViewController.m */ = {isa = PBXFileReference; fileEncoding = 4; lastKnownFileType = sourcecode.c.objc; path = ECSlidingViewController.m; sourceTree = "<group>"; };
		3F33734B1931833E0003790B /* UIViewController+ECSlidingViewController.h */ = {isa = PBXFileReference; fileEncoding = 4; lastKnownFileType = sourcecode.c.h; path = "UIViewController+ECSlidingViewController.h"; sourceTree = "<group>"; };
		3F33734C1931833E0003790B /* UIViewController+ECSlidingViewController.m */ = {isa = PBXFileReference; fileEncoding = 4; lastKnownFileType = sourcecode.c.objc; path = "UIViewController+ECSlidingViewController.m"; sourceTree = "<group>"; };
		3F33735419318E390003790B /* ScanVC.h */ = {isa = PBXFileReference; fileEncoding = 4; lastKnownFileType = sourcecode.c.h; name = ScanVC.h; path = Controllers/ScanVC.h; sourceTree = "<group>"; };
		3F33735519318E390003790B /* ScanVC.m */ = {isa = PBXFileReference; fileEncoding = 4; lastKnownFileType = sourcecode.c.objc; name = ScanVC.m; path = Controllers/ScanVC.m; sourceTree = "<group>"; };
		3F33735819318ED40003790B /* Main_iPad.storyboard */ = {isa = PBXFileReference; fileEncoding = 4; lastKnownFileType = file.storyboard; name = Main_iPad.storyboard; path = Storyboards/Main_iPad.storyboard; sourceTree = "<group>"; };
		3F33735919318ED40003790B /* Main_iPhone.storyboard */ = {isa = PBXFileReference; fileEncoding = 4; lastKnownFileType = file.storyboard; name = Main_iPhone.storyboard; path = Storyboards/Main_iPhone.storyboard; sourceTree = "<group>"; };
		3F33735C19318F280003790B /* MenuVC.h */ = {isa = PBXFileReference; fileEncoding = 4; lastKnownFileType = sourcecode.c.h; name = MenuVC.h; path = Controllers/MenuVC.h; sourceTree = "<group>"; };
		3F33735D19318F280003790B /* MenuVC.m */ = {isa = PBXFileReference; fileEncoding = 4; lastKnownFileType = sourcecode.c.objc; name = MenuVC.m; path = Controllers/MenuVC.m; sourceTree = "<group>"; };
		3FB8E42919317A7200B713CA /* BitBadge.app */ = {isa = PBXFileReference; explicitFileType = wrapper.application; includeInIndex = 0; path = BitBadge.app; sourceTree = BUILT_PRODUCTS_DIR; };
		3FB8E42C19317A7200B713CA /* Foundation.framework */ = {isa = PBXFileReference; lastKnownFileType = wrapper.framework; name = Foundation.framework; path = System/Library/Frameworks/Foundation.framework; sourceTree = SDKROOT; };
		3FB8E42E19317A7200B713CA /* CoreGraphics.framework */ = {isa = PBXFileReference; lastKnownFileType = wrapper.framework; name = CoreGraphics.framework; path = System/Library/Frameworks/CoreGraphics.framework; sourceTree = SDKROOT; };
		3FB8E43019317A7200B713CA /* UIKit.framework */ = {isa = PBXFileReference; lastKnownFileType = wrapper.framework; name = UIKit.framework; path = System/Library/Frameworks/UIKit.framework; sourceTree = SDKROOT; };
		3FB8E43419317A7200B713CA /* BitBadge-Info.plist */ = {isa = PBXFileReference; lastKnownFileType = text.plist.xml; path = "BitBadge-Info.plist"; sourceTree = "<group>"; };
		3FB8E43619317A7200B713CA /* en */ = {isa = PBXFileReference; lastKnownFileType = text.plist.strings; name = en; path = en.lproj/InfoPlist.strings; sourceTree = "<group>"; };
		3FB8E43819317A7200B713CA /* main.m */ = {isa = PBXFileReference; lastKnownFileType = sourcecode.c.objc; path = main.m; sourceTree = "<group>"; };
		3FB8E43A19317A7200B713CA /* BitBadge-Prefix.pch */ = {isa = PBXFileReference; lastKnownFileType = sourcecode.c.h; path = "BitBadge-Prefix.pch"; sourceTree = "<group>"; };
		3FB8E43B19317A7200B713CA /* AppDelegate.h */ = {isa = PBXFileReference; lastKnownFileType = sourcecode.c.h; path = AppDelegate.h; sourceTree = "<group>"; };
		3FB8E43C19317A7200B713CA /* AppDelegate.m */ = {isa = PBXFileReference; lastKnownFileType = sourcecode.c.objc; path = AppDelegate.m; sourceTree = "<group>"; };
		3FB8E44419317A7200B713CA /* ViewController.h */ = {isa = PBXFileReference; lastKnownFileType = sourcecode.c.h; path = ViewController.h; sourceTree = "<group>"; };
		3FB8E44519317A7200B713CA /* ViewController.m */ = {isa = PBXFileReference; lastKnownFileType = sourcecode.c.objc; path = ViewController.m; sourceTree = "<group>"; };
		3FB8E44719317A7200B713CA /* Images.xcassets */ = {isa = PBXFileReference; lastKnownFileType = folder.assetcatalog; path = Images.xcassets; sourceTree = "<group>"; };
		3FB8E44D19317A7200B713CA /* BitBadgeTests.xctest */ = {isa = PBXFileReference; explicitFileType = wrapper.cfbundle; includeInIndex = 0; path = BitBadgeTests.xctest; sourceTree = BUILT_PRODUCTS_DIR; };
		3FB8E44E19317A7200B713CA /* XCTest.framework */ = {isa = PBXFileReference; lastKnownFileType = wrapper.framework; name = XCTest.framework; path = Library/Frameworks/XCTest.framework; sourceTree = DEVELOPER_DIR; };
		3FB8E45619317A7200B713CA /* BitBadgeTests-Info.plist */ = {isa = PBXFileReference; lastKnownFileType = text.plist.xml; path = "BitBadgeTests-Info.plist"; sourceTree = "<group>"; };
		3FB8E45819317A7200B713CA /* en */ = {isa = PBXFileReference; lastKnownFileType = text.plist.strings; name = en; path = en.lproj/InfoPlist.strings; sourceTree = "<group>"; };
		3FB8E45A19317A7200B713CA /* BitBadgeTests.m */ = {isa = PBXFileReference; lastKnownFileType = sourcecode.c.objc; path = BitBadgeTests.m; sourceTree = "<group>"; };
/* End PBXFileReference section */

/* Begin PBXFrameworksBuildPhase section */
		3FB8E42619317A7200B713CA /* Frameworks */ = {
			isa = PBXFrameworksBuildPhase;
			buildActionMask = 2147483647;
			files = (
				3FB8E42F19317A7200B713CA /* CoreGraphics.framework in Frameworks */,
				3FB8E43119317A7200B713CA /* UIKit.framework in Frameworks */,
				3FB8E42D19317A7200B713CA /* Foundation.framework in Frameworks */,
			);
			runOnlyForDeploymentPostprocessing = 0;
		};
		3FB8E44A19317A7200B713CA /* Frameworks */ = {
			isa = PBXFrameworksBuildPhase;
			buildActionMask = 2147483647;
			files = (
				3FB8E44F19317A7200B713CA /* XCTest.framework in Frameworks */,
				3FB8E45119317A7200B713CA /* UIKit.framework in Frameworks */,
				3FB8E45019317A7200B713CA /* Foundation.framework in Frameworks */,
			);
			runOnlyForDeploymentPostprocessing = 0;
		};
/* End PBXFrameworksBuildPhase section */

/* Begin PBXGroup section */
		3F33733F1931833E0003790B /* ECSlidingViewController */ = {
			isa = PBXGroup;
			children = (
				3F3373401931833E0003790B /* ECPercentDrivenInteractiveTransition.h */,
				3F3373411931833E0003790B /* ECPercentDrivenInteractiveTransition.m */,
				3F3373421931833E0003790B /* ECSlidingAnimationController.h */,
				3F3373431931833E0003790B /* ECSlidingAnimationController.m */,
				3F3373441931833E0003790B /* ECSlidingConstants.h */,
				3F3373451931833E0003790B /* ECSlidingInteractiveTransition.h */,
				3F3373461931833E0003790B /* ECSlidingInteractiveTransition.m */,
				3F3373471931833E0003790B /* ECSlidingSegue.h */,
				3F3373481931833E0003790B /* ECSlidingSegue.m */,
				3F3373491931833E0003790B /* ECSlidingViewController.h */,
				3F33734A1931833E0003790B /* ECSlidingViewController.m */,
				3F33734B1931833E0003790B /* UIViewController+ECSlidingViewController.h */,
				3F33734C1931833E0003790B /* UIViewController+ECSlidingViewController.m */,
			);
			name = ECSlidingViewController;
			path = ../_vendors/ECSlidingViewController/ECSlidingViewController;
			sourceTree = "<group>";
		};
		3F33735319318A920003790B /* Controllers */ = {
			isa = PBXGroup;
			children = (
				3F33735419318E390003790B /* ScanVC.h */,
				3F33735519318E390003790B /* ScanVC.m */,
				3F33735C19318F280003790B /* MenuVC.h */,
				3F33735D19318F280003790B /* MenuVC.m */,
			);
			name = Controllers;
			sourceTree = "<group>";
		};
		3F33735719318E7E0003790B /* Storyboards */ = {
			isa = PBXGroup;
			children = (
				3F33735819318ED40003790B /* Main_iPad.storyboard */,
				3F33735919318ED40003790B /* Main_iPhone.storyboard */,
			);
			name = Storyboards;
			sourceTree = "<group>";
		};
		3FB8E42019317A7200B713CA = {
			isa = PBXGroup;
			children = (
				3F33733F1931833E0003790B /* ECSlidingViewController */,
				3FB8E43219317A7200B713CA /* BitBadge */,
				3FB8E45419317A7200B713CA /* BitBadgeTests */,
				3FB8E42B19317A7200B713CA /* Frameworks */,
				3FB8E42A19317A7200B713CA /* Products */,
			);
			sourceTree = "<group>";
		};
		3FB8E42A19317A7200B713CA /* Products */ = {
			isa = PBXGroup;
			children = (
				3FB8E42919317A7200B713CA /* BitBadge.app */,
				3FB8E44D19317A7200B713CA /* BitBadgeTests.xctest */,
			);
			name = Products;
			sourceTree = "<group>";
		};
		3FB8E42B19317A7200B713CA /* Frameworks */ = {
			isa = PBXGroup;
			children = (
				3FB8E42C19317A7200B713CA /* Foundation.framework */,
				3FB8E42E19317A7200B713CA /* CoreGraphics.framework */,
				3FB8E43019317A7200B713CA /* UIKit.framework */,
				3FB8E44E19317A7200B713CA /* XCTest.framework */,
			);
			name = Frameworks;
			sourceTree = "<group>";
		};
		3FB8E43219317A7200B713CA /* BitBadge */ = {
			isa = PBXGroup;
			children = (
				3F33735319318A920003790B /* Controllers */,
				3F33735719318E7E0003790B /* Storyboards */,
				3FB8E43B19317A7200B713CA /* AppDelegate.h */,
				3FB8E43C19317A7200B713CA /* AppDelegate.m */,
				3FB8E44419317A7200B713CA /* ViewController.h */,
				3FB8E44519317A7200B713CA /* ViewController.m */,
				3FB8E44719317A7200B713CA /* Images.xcassets */,
				3FB8E43319317A7200B713CA /* Supporting Files */,
			);
			path = BitBadge;
			sourceTree = "<group>";
		};
		3FB8E43319317A7200B713CA /* Supporting Files */ = {
			isa = PBXGroup;
			children = (
				3FB8E43419317A7200B713CA /* BitBadge-Info.plist */,
				3FB8E43519317A7200B713CA /* InfoPlist.strings */,
				3FB8E43819317A7200B713CA /* main.m */,
				3FB8E43A19317A7200B713CA /* BitBadge-Prefix.pch */,
			);
			name = "Supporting Files";
			sourceTree = "<group>";
		};
		3FB8E45419317A7200B713CA /* BitBadgeTests */ = {
			isa = PBXGroup;
			children = (
				3FB8E45A19317A7200B713CA /* BitBadgeTests.m */,
				3FB8E45519317A7200B713CA /* Supporting Files */,
			);
			path = BitBadgeTests;
			sourceTree = "<group>";
		};
		3FB8E45519317A7200B713CA /* Supporting Files */ = {
			isa = PBXGroup;
			children = (
				3FB8E45619317A7200B713CA /* BitBadgeTests-Info.plist */,
				3FB8E45719317A7200B713CA /* InfoPlist.strings */,
			);
			name = "Supporting Files";
			sourceTree = "<group>";
		};
/* End PBXGroup section */

/* Begin PBXNativeTarget section */
		3FB8E42819317A7200B713CA /* BitBadge */ = {
			isa = PBXNativeTarget;
			buildConfigurationList = 3FB8E45E19317A7200B713CA /* Build configuration list for PBXNativeTarget "BitBadge" */;
			buildPhases = (
				3FB8E42519317A7200B713CA /* Sources */,
				3FB8E42619317A7200B713CA /* Frameworks */,
				3FB8E42719317A7200B713CA /* Resources */,
			);
			buildRules = (
			);
			dependencies = (
			);
			name = BitBadge;
			productName = BitBadge;
			productReference = 3FB8E42919317A7200B713CA /* BitBadge.app */;
			productType = "com.apple.product-type.application";
		};
		3FB8E44C19317A7200B713CA /* BitBadgeTests */ = {
			isa = PBXNativeTarget;
			buildConfigurationList = 3FB8E46119317A7200B713CA /* Build configuration list for PBXNativeTarget "BitBadgeTests" */;
			buildPhases = (
				3FB8E44919317A7200B713CA /* Sources */,
				3FB8E44A19317A7200B713CA /* Frameworks */,
				3FB8E44B19317A7200B713CA /* Resources */,
			);
			buildRules = (
			);
			dependencies = (
				3FB8E45319317A7200B713CA /* PBXTargetDependency */,
			);
			name = BitBadgeTests;
			productName = BitBadgeTests;
			productReference = 3FB8E44D19317A7200B713CA /* BitBadgeTests.xctest */;
			productType = "com.apple.product-type.bundle.unit-test";
		};
/* End PBXNativeTarget section */

/* Begin PBXProject section */
		3FB8E42119317A7200B713CA /* Project object */ = {
			isa = PBXProject;
			attributes = {
				LastUpgradeCheck = 0510;
				ORGANIZATIONNAME = "GigaBitcoin, LLC";
				TargetAttributes = {
					3FB8E44C19317A7200B713CA = {
						TestTargetID = 3FB8E42819317A7200B713CA;
					};
				};
			};
			buildConfigurationList = 3FB8E42419317A7200B713CA /* Build configuration list for PBXProject "BitBadge" */;
			compatibilityVersion = "Xcode 3.2";
			developmentRegion = English;
			hasScannedForEncodings = 0;
			knownRegions = (
				en,
				Base,
			);
			mainGroup = 3FB8E42019317A7200B713CA;
			productRefGroup = 3FB8E42A19317A7200B713CA /* Products */;
			projectDirPath = "";
			projectRoot = "";
			targets = (
				3FB8E42819317A7200B713CA /* BitBadge */,
				3FB8E44C19317A7200B713CA /* BitBadgeTests */,
			);
		};
/* End PBXProject section */

/* Begin PBXResourcesBuildPhase section */
		3FB8E42719317A7200B713CA /* Resources */ = {
			isa = PBXResourcesBuildPhase;
			buildActionMask = 2147483647;
			files = (
				3F33735B19318ED40003790B /* Main_iPhone.storyboard in Resources */,
				3F33735A19318ED40003790B /* Main_iPad.storyboard in Resources */,
				3FB8E44819317A7200B713CA /* Images.xcassets in Resources */,
				3FB8E43719317A7200B713CA /* InfoPlist.strings in Resources */,
			);
			runOnlyForDeploymentPostprocessing = 0;
		};
		3FB8E44B19317A7200B713CA /* Resources */ = {
			isa = PBXResourcesBuildPhase;
			buildActionMask = 2147483647;
			files = (
				3FB8E45919317A7200B713CA /* InfoPlist.strings in Resources */,
			);
			runOnlyForDeploymentPostprocessing = 0;
		};
/* End PBXResourcesBuildPhase section */

/* Begin PBXSourcesBuildPhase section */
		3FB8E42519317A7200B713CA /* Sources */ = {
			isa = PBXSourcesBuildPhase;
			buildActionMask = 2147483647;
			files = (
				3FB8E44619317A7200B713CA /* ViewController.m in Sources */,
				3F33735E19318F280003790B /* MenuVC.m in Sources */,
				3F3373521931833E0003790B /* UIViewController+ECSlidingViewController.m in Sources */,
				3FB8E43D19317A7200B713CA /* AppDelegate.m in Sources */,
				3F33735619318E390003790B /* ScanVC.m in Sources */,
				3F33734F1931833E0003790B /* ECSlidingInteractiveTransition.m in Sources */,
				3F3373501931833E0003790B /* ECSlidingSegue.m in Sources */,
				3FB8E43919317A7200B713CA /* main.m in Sources */,
				3F3373511931833E0003790B /* ECSlidingViewController.m in Sources */,
				3F33734E1931833E0003790B /* ECSlidingAnimationController.m in Sources */,
				3F33734D1931833E0003790B /* ECPercentDrivenInteractiveTransition.m in Sources */,
			);
			runOnlyForDeploymentPostprocessing = 0;
		};
		3FB8E44919317A7200B713CA /* Sources */ = {
			isa = PBXSourcesBuildPhase;
			buildActionMask = 2147483647;
			files = (
				3FB8E45B19317A7200B713CA /* BitBadgeTests.m in Sources */,
			);
			runOnlyForDeploymentPostprocessing = 0;
		};
/* End PBXSourcesBuildPhase section */

/* Begin PBXTargetDependency section */
		3FB8E45319317A7200B713CA /* PBXTargetDependency */ = {
			isa = PBXTargetDependency;
			target = 3FB8E42819317A7200B713CA /* BitBadge */;
			targetProxy = 3FB8E45219317A7200B713CA /* PBXContainerItemProxy */;
		};
/* End PBXTargetDependency section */

/* Begin PBXVariantGroup section */
		3FB8E43519317A7200B713CA /* InfoPlist.strings */ = {
			isa = PBXVariantGroup;
			children = (
				3FB8E43619317A7200B713CA /* en */,
			);
			name = InfoPlist.strings;
			sourceTree = "<group>";
		};
		3FB8E45719317A7200B713CA /* InfoPlist.strings */ = {
			isa = PBXVariantGroup;
			children = (
				3FB8E45819317A7200B713CA /* en */,
			);
			name = InfoPlist.strings;
			sourceTree = "<group>";
		};
/* End PBXVariantGroup section */

/* Begin XCBuildConfiguration section */
		3FB8E45C19317A7200B713CA /* Debug */ = {
			isa = XCBuildConfiguration;
			buildSettings = {
				ALWAYS_SEARCH_USER_PATHS = NO;
				CLANG_CXX_LANGUAGE_STANDARD = "gnu++0x";
				CLANG_CXX_LIBRARY = "libc++";
				CLANG_ENABLE_MODULES = YES;
				CLANG_ENABLE_OBJC_ARC = YES;
				CLANG_WARN_BOOL_CONVERSION = YES;
				CLANG_WARN_CONSTANT_CONVERSION = YES;
				CLANG_WARN_DIRECT_OBJC_ISA_USAGE = YES_ERROR;
				CLANG_WARN_EMPTY_BODY = YES;
				CLANG_WARN_ENUM_CONVERSION = YES;
				CLANG_WARN_INT_CONVERSION = YES;
				CLANG_WARN_OBJC_ROOT_CLASS = YES_ERROR;
				CLANG_WARN__DUPLICATE_METHOD_MATCH = YES;
				"CODE_SIGN_IDENTITY[sdk=iphoneos*]" = "iPhone Developer";
				COPY_PHASE_STRIP = NO;
				GCC_C_LANGUAGE_STANDARD = gnu99;
				GCC_DYNAMIC_NO_PIC = NO;
				GCC_OPTIMIZATION_LEVEL = 0;
				GCC_PREPROCESSOR_DEFINITIONS = (
					"DEBUG=1",
					"$(inherited)",
				);
				GCC_SYMBOLS_PRIVATE_EXTERN = NO;
				GCC_WARN_64_TO_32_BIT_CONVERSION = YES;
				GCC_WARN_ABOUT_RETURN_TYPE = YES_ERROR;
				GCC_WARN_UNDECLARED_SELECTOR = YES;
				GCC_WARN_UNINITIALIZED_AUTOS = YES_AGGRESSIVE;
				GCC_WARN_UNUSED_FUNCTION = YES;
				GCC_WARN_UNUSED_VARIABLE = YES;
				IPHONEOS_DEPLOYMENT_TARGET = 7.1;
				ONLY_ACTIVE_ARCH = YES;
				SDKROOT = iphoneos;
				TARGETED_DEVICE_FAMILY = "1,2";
			};
			name = Debug;
		};
		3FB8E45D19317A7200B713CA /* Release */ = {
			isa = XCBuildConfiguration;
			buildSettings = {
				ALWAYS_SEARCH_USER_PATHS = NO;
				CLANG_CXX_LANGUAGE_STANDARD = "gnu++0x";
				CLANG_CXX_LIBRARY = "libc++";
				CLANG_ENABLE_MODULES = YES;
				CLANG_ENABLE_OBJC_ARC = YES;
				CLANG_WARN_BOOL_CONVERSION = YES;
				CLANG_WARN_CONSTANT_CONVERSION = YES;
				CLANG_WARN_DIRECT_OBJC_ISA_USAGE = YES_ERROR;
				CLANG_WARN_EMPTY_BODY = YES;
				CLANG_WARN_ENUM_CONVERSION = YES;
				CLANG_WARN_INT_CONVERSION = YES;
				CLANG_WARN_OBJC_ROOT_CLASS = YES_ERROR;
				CLANG_WARN__DUPLICATE_METHOD_MATCH = YES;
				"CODE_SIGN_IDENTITY[sdk=iphoneos*]" = "iPhone Developer";
				COPY_PHASE_STRIP = YES;
				ENABLE_NS_ASSERTIONS = NO;
				GCC_C_LANGUAGE_STANDARD = gnu99;
				GCC_WARN_64_TO_32_BIT_CONVERSION = YES;
				GCC_WARN_ABOUT_RETURN_TYPE = YES_ERROR;
				GCC_WARN_UNDECLARED_SELECTOR = YES;
				GCC_WARN_UNINITIALIZED_AUTOS = YES_AGGRESSIVE;
				GCC_WARN_UNUSED_FUNCTION = YES;
				GCC_WARN_UNUSED_VARIABLE = YES;
				IPHONEOS_DEPLOYMENT_TARGET = 7.1;
				SDKROOT = iphoneos;
				TARGETED_DEVICE_FAMILY = "1,2";
				VALIDATE_PRODUCT = YES;
			};
			name = Release;
		};
		3FB8E45F19317A7200B713CA /* Debug */ = {
			isa = XCBuildConfiguration;
			buildSettings = {
				ASSETCATALOG_COMPILER_APPICON_NAME = AppIcon;
				ASSETCATALOG_COMPILER_LAUNCHIMAGE_NAME = LaunchImage;
				GCC_PRECOMPILE_PREFIX_HEADER = YES;
				GCC_PREFIX_HEADER = "BitBadge/BitBadge-Prefix.pch";
				INFOPLIST_FILE = "BitBadge/BitBadge-Info.plist";
				PRODUCT_NAME = "$(TARGET_NAME)";
				WRAPPER_EXTENSION = app;
			};
			name = Debug;
		};
		3FB8E46019317A7200B713CA /* Release */ = {
			isa = XCBuildConfiguration;
			buildSettings = {
				ASSETCATALOG_COMPILER_APPICON_NAME = AppIcon;
				ASSETCATALOG_COMPILER_LAUNCHIMAGE_NAME = LaunchImage;
				GCC_PRECOMPILE_PREFIX_HEADER = YES;
				GCC_PREFIX_HEADER = "BitBadge/BitBadge-Prefix.pch";
				INFOPLIST_FILE = "BitBadge/BitBadge-Info.plist";
				PRODUCT_NAME = "$(TARGET_NAME)";
				WRAPPER_EXTENSION = app;
			};
			name = Release;
		};
		3FB8E46219317A7200B713CA /* Debug */ = {
			isa = XCBuildConfiguration;
			buildSettings = {
				BUNDLE_LOADER = "$(BUILT_PRODUCTS_DIR)/BitBadge.app/BitBadge";
				FRAMEWORK_SEARCH_PATHS = (
					"$(SDKROOT)/Developer/Library/Frameworks",
					"$(inherited)",
					"$(DEVELOPER_FRAMEWORKS_DIR)",
				);
				GCC_PRECOMPILE_PREFIX_HEADER = YES;
				GCC_PREFIX_HEADER = "BitBadge/BitBadge-Prefix.pch";
				GCC_PREPROCESSOR_DEFINITIONS = (
					"DEBUG=1",
					"$(inherited)",
				);
				INFOPLIST_FILE = "BitBadgeTests/BitBadgeTests-Info.plist";
				PRODUCT_NAME = "$(TARGET_NAME)";
				TEST_HOST = "$(BUNDLE_LOADER)";
				WRAPPER_EXTENSION = xctest;
			};
			name = Debug;
		};
		3FB8E46319317A7200B713CA /* Release */ = {
			isa = XCBuildConfiguration;
			buildSettings = {
				BUNDLE_LOADER = "$(BUILT_PRODUCTS_DIR)/BitBadge.app/BitBadge";
				FRAMEWORK_SEARCH_PATHS = (
					"$(SDKROOT)/Developer/Library/Frameworks",
					"$(inherited)",
					"$(DEVELOPER_FRAMEWORKS_DIR)",
				);
				GCC_PRECOMPILE_PREFIX_HEADER = YES;
				GCC_PREFIX_HEADER = "BitBadge/BitBadge-Prefix.pch";
				INFOPLIST_FILE = "BitBadgeTests/BitBadgeTests-Info.plist";
				PRODUCT_NAME = "$(TARGET_NAME)";
				TEST_HOST = "$(BUNDLE_LOADER)";
				WRAPPER_EXTENSION = xctest;
			};
			name = Release;
		};
/* End XCBuildConfiguration section */

/* Begin XCConfigurationList section */
		3FB8E42419317A7200B713CA /* Build configuration list for PBXProject "BitBadge" */ = {
			isa = XCConfigurationList;
			buildConfigurations = (
				3FB8E45C19317A7200B713CA /* Debug */,
				3FB8E45D19317A7200B713CA /* Release */,
			);
			defaultConfigurationIsVisible = 0;
			defaultConfigurationName = Release;
		};
		3FB8E45E19317A7200B713CA /* Build configuration list for PBXNativeTarget "BitBadge" */ = {
			isa = XCConfigurationList;
			buildConfigurations = (
				3FB8E45F19317A7200B713CA /* Debug */,
				3FB8E46019317A7200B713CA /* Release */,
			);
			defaultConfigurationIsVisible = 0;
			defaultConfigurationName = Release;
		};
		3FB8E46119317A7200B713CA /* Build configuration list for PBXNativeTarget "BitBadgeTests" */ = {
			isa = XCConfigurationList;
			buildConfigurations = (
				3FB8E46219317A7200B713CA /* Debug */,
				3FB8E46319317A7200B713CA /* Release */,
			);
			defaultConfigurationIsVisible = 0;
			defaultConfigurationName = Release;
		};
/* End XCConfigurationList section */
	};
	rootObject = 3FB8E42119317A7200B713CA /* Project object */;
}
